// !$*UTF8*$!
{
	archiveVersion = 1;
	classes = {
	};
	objectVersion = 46;
	objects = {

/* Begin PBXBuildFile section */
		3E21AFEA1A3E3150005318D6 /* background.jpg in Resources */ = {isa = PBXBuildFile; fileRef = 3E21AFE91A3E3150005318D6 /* background.jpg */; };
		3E21AFF01A3EDE77005318D6 /* JahrDerOrden Logo.png in Resources */ = {isa = PBXBuildFile; fileRef = 3E21AFEF1A3EDE77005318D6 /* JahrDerOrden Logo.png */; };
		3E21AFF21A3EFA47005318D6 /* teresaofavila.jpg in Resources */ = {isa = PBXBuildFile; fileRef = 3E21AFF11A3EFA47005318D6 /* teresaofavila.jpg */; };
		3E21AFF71A3F30C4005318D6 /* teresa.jpg in Resources */ = {isa = PBXBuildFile; fileRef = 3E21AFF91A3F30C4005318D6 /* teresa.jpg */; };
		3E29E8FC1B9DC3D3008A2113 /* AVFoundation.framework in Frameworks */ = {isa = PBXBuildFile; fileRef = 3E29E8FB1B9DC3D3008A2113 /* AVFoundation.framework */; };
		3E324F971A3FAC1A00FA1622 /* Teresa_von_Avila.jpg in Resources */ = {isa = PBXBuildFile; fileRef = 3E324F961A3FAC1A00FA1622 /* Teresa_von_Avila.jpg */; };
		3E9B351D1AA0C644009055A1 /* KAboutViewController.m in Sources */ = {isa = PBXBuildFile; fileRef = 3E9B351C1AA0C644009055A1 /* KAboutViewController.m */; };
		3EB7D6291A3F6111004927F5 /* jdo.jpg in Resources */ = {isa = PBXBuildFile; fileRef = 3EB7D6281A3F6111004927F5 /* jdo.jpg */; };
		3EB7D62C1A3F61C3004927F5 /* styleteresa.css in Resources */ = {isa = PBXBuildFile; fileRef = 3EB7D62E1A3F61C3004927F5 /* styleteresa.css */; };
		3EC3DF361AA1256300E13960 /* about.html in Resources */ = {isa = PBXBuildFile; fileRef = 3EC3DF381AA1256300E13960 /* about.html */; };
		3EC3DF401AA1446E00E13960 /* teresa.jpg in Resources */ = {isa = PBXBuildFile; fileRef = 3EC3DF3F1AA1446E00E13960 /* teresa.jpg */; };
		8310A05519A48C7F0012ED7B /* SWRevealViewController.m in Sources */ = {isa = PBXBuildFile; fileRef = 8310A05419A48C7F0012ED7B /* SWRevealViewController.m */; };
		8310A05819A48E640012ED7B /* MenuViewController.m in Sources */ = {isa = PBXBuildFile; fileRef = 8310A05719A48E640012ED7B /* MenuViewController.m */; };
		8316641B18A3AB6500E1A84F /* ESDayViewController.m in Sources */ = {isa = PBXBuildFile; fileRef = 8316641A18A3AB6500E1A84F /* ESDayViewController.m */; };
		8316642818A5641A00E1A84F /* ESHTMLViewController.m in Sources */ = {isa = PBXBuildFile; fileRef = 8316642718A5641A00E1A84F /* ESHTMLViewController.m */; };
		8316642B18A56A7400E1A84F /* ESPageViewController.m in Sources */ = {isa = PBXBuildFile; fileRef = 8316642A18A56A7400E1A84F /* ESPageViewController.m */; };
		8316642E18A56D4000E1A84F /* ESDayContentController.m in Sources */ = {isa = PBXBuildFile; fileRef = 8316642D18A56D4000E1A84F /* ESDayContentController.m */; };
		8317EB371A177FD400BDBAE7 /* iPhone.storyboard in Resources */ = {isa = PBXBuildFile; fileRef = 8317EB391A177FD400BDBAE7 /* iPhone.storyboard */; };
		8317EB481A17E87B00BDBAE7 /* ESTeresaViewController.m in Sources */ = {isa = PBXBuildFile; fileRef = 8317EB471A17E87B00BDBAE7 /* ESTeresaViewController.m */; };
		8317EB4B1A18B16B00BDBAE7 /* Localizable.strings in Resources */ = {isa = PBXBuildFile; fileRef = 8317EB4D1A18B16B00BDBAE7 /* Localizable.strings */; };
		8321435919AE0EB300E37430 /* Bolts.framework in Frameworks */ = {isa = PBXBuildFile; fileRef = 8321435819AE0EB300E37430 /* Bolts.framework */; };
		8321435B19AE0EC100E37430 /* Parse.framework in Frameworks */ = {isa = PBXBuildFile; fileRef = 8321435A19AE0EC100E37430 /* Parse.framework */; };
		832A16671A160F96004E0F72 /* day.html in Resources */ = {isa = PBXBuildFile; fileRef = 832A16661A160F96004E0F72 /* day.html */; };
		833B5E731A1BA03600AEC247 /* krippe.jpg in Resources */ = {isa = PBXBuildFile; fileRef = 833B5E721A1BA03600AEC247 /* krippe.jpg */; };
		833B5E761A1BBF9E00AEC247 /* NSDate+Timeconvert.m in Sources */ = {isa = PBXBuildFile; fileRef = 833B5E751A1BBF9E00AEC247 /* NSDate+Timeconvert.m */; };
		833D56C01A19755B0040D615 /* ESGÖ.jpg in Resources */ = {isa = PBXBuildFile; fileRef = 833D56BF1A19755A0040D615 /* ESGÖ.jpg */; };
		833D56C31A19781C0040D615 /* ESAboutTableViewController.m in Sources */ = {isa = PBXBuildFile; fileRef = 833D56C21A19781C0040D615 /* ESAboutTableViewController.m */; };
		833D56C61A1981400040D615 /* ESDonateViewController.m in Sources */ = {isa = PBXBuildFile; fileRef = 833D56C51A1981400040D615 /* ESDonateViewController.m */; };
		83612C391A1CF03000235306 /* style.css in Resources */ = {isa = PBXBuildFile; fileRef = 83612C381A1CF03000235306 /* style.css */; };
		83612C3C1A1CF35C00235306 /* stylepjacques.css in Resources */ = {isa = PBXBuildFile; fileRef = 83612C3E1A1CF35C00235306 /* stylepjacques.css */; };
		8371861219B604EA00154D0A /* AudioToolbox.framework in Frameworks */ = {isa = PBXBuildFile; fileRef = 8371861119B604EA00154D0A /* AudioToolbox.framework */; };
		8371861419B604F700154D0A /* CFNetwork.framework in Frameworks */ = {isa = PBXBuildFile; fileRef = 8371861319B604F700154D0A /* CFNetwork.framework */; };
		8371861619B6050900154D0A /* CoreLocation.framework in Frameworks */ = {isa = PBXBuildFile; fileRef = 8371861519B6050900154D0A /* CoreLocation.framework */; };
		8371861819B6051B00154D0A /* libz.dylib in Frameworks */ = {isa = PBXBuildFile; fileRef = 8371861719B6051B00154D0A /* libz.dylib */; };
		8371861A19B6052600154D0A /* MobileCoreServices.framework in Frameworks */ = {isa = PBXBuildFile; fileRef = 8371861919B6052600154D0A /* MobileCoreServices.framework */; };
		8371861C19B6053400154D0A /* QuartzCore.framework in Frameworks */ = {isa = PBXBuildFile; fileRef = 8371861B19B6053400154D0A /* QuartzCore.framework */; };
		8371861E19B6054000154D0A /* Security.framework in Frameworks */ = {isa = PBXBuildFile; fileRef = 8371861D19B6054000154D0A /* Security.framework */; };
		8371862219B6055900154D0A /* SystemConfiguration.framework in Frameworks */ = {isa = PBXBuildFile; fileRef = 8371862119B6055900154D0A /* SystemConfiguration.framework */; };
		8371E40918B78B8A00D5DD4B /* AboutView.xib in Resources */ = {isa = PBXBuildFile; fileRef = 8371E40818B78B8900D5DD4B /* AboutView.xib */; };
		8371E40C18B78F6E00D5DD4B /* ESAboutView.m in Sources */ = {isa = PBXBuildFile; fileRef = 8371E40B18B78F6E00D5DD4B /* ESAboutView.m */; };
		8397C1B418BB682300A45040 /* ESPageContainerViewController.m in Sources */ = {isa = PBXBuildFile; fileRef = 8397C1B318BB682300A45040 /* ESPageContainerViewController.m */; };
		83A3BE8718B66C8700FAE861 /* Day.m in Sources */ = {isa = PBXBuildFile; fileRef = 83A3BE8618B66C8700FAE861 /* Day.m */; };
		83BABDA61897AC5C008CDF5B /* Foundation.framework in Frameworks */ = {isa = PBXBuildFile; fileRef = 83BABDA51897AC5C008CDF5B /* Foundation.framework */; };
		83BABDA81897AC5C008CDF5B /* CoreGraphics.framework in Frameworks */ = {isa = PBXBuildFile; fileRef = 83BABDA71897AC5C008CDF5B /* CoreGraphics.framework */; };
		83BABDAA1897AC5C008CDF5B /* UIKit.framework in Frameworks */ = {isa = PBXBuildFile; fileRef = 83BABDA91897AC5C008CDF5B /* UIKit.framework */; };
		83BABDB01897AC5C008CDF5B /* InfoPlist.strings in Resources */ = {isa = PBXBuildFile; fileRef = 83BABDAE1897AC5C008CDF5B /* InfoPlist.strings */; };
		83BABDB21897AC5C008CDF5B /* main.m in Sources */ = {isa = PBXBuildFile; fileRef = 83BABDB11897AC5C008CDF5B /* main.m */; };
		83BABDB61897AC5C008CDF5B /* ESAppDelegate.m in Sources */ = {isa = PBXBuildFile; fileRef = 83BABDB51897AC5C008CDF5B /* ESAppDelegate.m */; };
		83BABDC41897AC5C008CDF5B /* Images.xcassets in Resources */ = {isa = PBXBuildFile; fileRef = 83BABDC31897AC5C008CDF5B /* Images.xcassets */; };
		83C0F64718BD71290004C675 /* ESGÖ Logo.png in Resources */ = {isa = PBXBuildFile; fileRef = 83C0F63F18BD71290004C675 /* ESGÖ Logo.png */; };
		83C0F64918BD71290004C675 /* Karmel Logo.png in Resources */ = {isa = PBXBuildFile; fileRef = 83C0F64118BD71290004C675 /* Karmel Logo.png */; };
		83C0F64A18BD71290004C675 /* Marienschwestern Logo.png in Resources */ = {isa = PBXBuildFile; fileRef = 83C0F64218BD71290004C675 /* Marienschwestern Logo.png */; };
		83C0F71318BD719A0004C675 /* evang.html in Resources */ = {isa = PBXBuildFile; fileRef = 83C0F64E18BD719A0004C675 /* evang.html */; };
		83C0F7D318BD719B0004C675 /* evangelium.jpg in Resources */ = {isa = PBXBuildFile; fileRef = 83C0F70E18BD719A0004C675 /* evangelium.jpg */; };
		83D47FF31A1D07E90074ECBF /* minus.png in Resources */ = {isa = PBXBuildFile; fileRef = 83D47FF11A1D07E90074ECBF /* minus.png */; };
		83D47FF41A1D07E90074ECBF /* plus.png in Resources */ = {isa = PBXBuildFile; fileRef = 83D47FF21A1D07E90074ECBF /* plus.png */; };
		83DE247918B7719400FE7005 /* ESAboutViewController.m in Sources */ = {isa = PBXBuildFile; fileRef = 83DE247818B7719400FE7005 /* ESAboutViewController.m */; };
		83DF701319B9D57F00827D50 /* KEPersistencyManager.m in Sources */ = {isa = PBXBuildFile; fileRef = 83DF701219B9D57F00827D50 /* KEPersistencyManager.m */; };
		83DF701619B9D6C900827D50 /* KEContentKit.m in Sources */ = {isa = PBXBuildFile; fileRef = 83DF701519B9D6C900827D50 /* KEContentKit.m */; };
		83E1F6481A18CB6A00A13654 /* teresa.html in Resources */ = {isa = PBXBuildFile; fileRef = 83E1F64A1A18CB6A00A13654 /* teresa.html */; };
		83E6588E18A62DBC004929F4 /* DayCell.m in Sources */ = {isa = PBXBuildFile; fileRef = 83E6588B18A62DBC004929F4 /* DayCell.m */; };
		83E6588F18A62DBC004929F4 /* CustomCellBackground.m in Sources */ = {isa = PBXBuildFile; fileRef = 83E6588D18A62DBC004929F4 /* CustomCellBackground.m */; };
		83E6589518A62EE3004929F4 /* ESCalenderViewController.m in Sources */ = {isa = PBXBuildFile; fileRef = 83E6589418A62EE3004929F4 /* ESCalenderViewController.m */; };
		83E6589818A63BC4004929F4 /* ESMonthHeader.m in Sources */ = {isa = PBXBuildFile; fileRef = 83E6589718A63BC4004929F4 /* ESMonthHeader.m */; };
		83F2C99619B75986009E3672 /* KEFetcher.m in Sources */ = {isa = PBXBuildFile; fileRef = 83F2C99519B75986009E3672 /* KEFetcher.m */; };
		9ED6E2591A311D72009AAECF /* KarmelExerzitien_Tests.m in Sources */ = {isa = PBXBuildFile; fileRef = 9ED6E2581A311D72009AAECF /* KarmelExerzitien_Tests.m */; };
/* End PBXBuildFile section */

/* Begin PBXContainerItemProxy section */
		9ED6E25A1A311D72009AAECF /* PBXContainerItemProxy */ = {
			isa = PBXContainerItemProxy;
			containerPortal = 83BABD9A1897AC5B008CDF5B /* Project object */;
			proxyType = 1;
			remoteGlobalIDString = 83BABDA11897AC5C008CDF5B;
			remoteInfo = KarmelExerzitien;
		};
/* End PBXContainerItemProxy section */

/* Begin PBXFileReference section */
		3E074F581A41CB4100471C14 /* es */ = {isa = PBXFileReference; lastKnownFileType = text.plist.strings; name = es; path = es.lproj/iPhone.strings; sourceTree = "<group>"; };
		3E074F591A41CB4100471C14 /* es */ = {isa = PBXFileReference; lastKnownFileType = image.jpeg; name = es; path = es.lproj/teresa.jpg; sourceTree = "<group>"; };
		3E074F5A1A41CB4100471C14 /* es */ = {isa = PBXFileReference; lastKnownFileType = text.css; name = es; path = es.lproj/styleteresa.css; sourceTree = "<group>"; };
		3E074F5B1A41CB4100471C14 /* es */ = {isa = PBXFileReference; lastKnownFileType = text.css; name = es; path = es.lproj/stylepjacques.css; sourceTree = "<group>"; };
		3E074F5C1A41CB4100471C14 /* es */ = {isa = PBXFileReference; lastKnownFileType = text.html; name = es; path = es.lproj/teresa.html; sourceTree = "<group>"; };
		3E074F5D1A41CB4100471C14 /* es */ = {isa = PBXFileReference; lastKnownFileType = text.plist.strings; name = es; path = es.lproj/Localizable.strings; sourceTree = "<group>"; };
		3E074F5E1A41CB4100471C14 /* es */ = {isa = PBXFileReference; lastKnownFileType = text.plist.strings; name = es; path = es.lproj/InfoPlist.strings; sourceTree = "<group>"; };
		3E1EF1471A3F6BAC007AE4AA /* en */ = {isa = PBXFileReference; lastKnownFileType = text.html; name = en; path = en.lproj/teresa.html; sourceTree = "<group>"; };
		3E1EF1481A3F6BAC007AE4AA /* it */ = {isa = PBXFileReference; lastKnownFileType = text.html; name = it; path = it.lproj/teresa.html; sourceTree = "<group>"; };
		3E21AFE91A3E3150005318D6 /* background.jpg */ = {isa = PBXFileReference; lastKnownFileType = image.jpeg; path = background.jpg; sourceTree = "<group>"; };
		3E21AFEC1A3E31D5005318D6 /* de */ = {isa = PBXFileReference; lastKnownFileType = text.plist.strings; name = de; path = de.lproj/iPhone.strings; sourceTree = "<group>"; };
		3E21AFED1A3E31E1005318D6 /* de */ = {isa = PBXFileReference; lastKnownFileType = text.plist.strings; name = de; path = de.lproj/Localizable.strings; sourceTree = "<group>"; };
		3E21AFEE1A3E3201005318D6 /* de */ = {isa = PBXFileReference; lastKnownFileType = text.plist.strings; name = de; path = de.lproj/InfoPlist.strings; sourceTree = "<group>"; };
		3E21AFEF1A3EDE77005318D6 /* JahrDerOrden Logo.png */ = {isa = PBXFileReference; lastKnownFileType = image.png; path = "JahrDerOrden Logo.png"; sourceTree = "<group>"; };
		3E21AFF11A3EFA47005318D6 /* teresaofavila.jpg */ = {isa = PBXFileReference; lastKnownFileType = image.jpeg; path = teresaofavila.jpg; sourceTree = "<group>"; };
		3E21AFF81A3F30C4005318D6 /* Base */ = {isa = PBXFileReference; lastKnownFileType = image.jpeg; name = Base; path = Base.lproj/teresa.jpg; sourceTree = "<group>"; };
		3E21AFFA1A3F30C6005318D6 /* de */ = {isa = PBXFileReference; lastKnownFileType = image.jpeg; name = de; path = de.lproj/teresa.jpg; sourceTree = "<group>"; };
		3E21AFFB1A3F30CA005318D6 /* en */ = {isa = PBXFileReference; lastKnownFileType = image.jpeg; name = en; path = en.lproj/teresa.jpg; sourceTree = "<group>"; };
		3E21AFFC1A3F30CB005318D6 /* it */ = {isa = PBXFileReference; lastKnownFileType = image.jpeg; name = it; path = it.lproj/teresa.jpg; sourceTree = "<group>"; };
		3E21AFFE1A3F31B0005318D6 /* de */ = {isa = PBXFileReference; lastKnownFileType = text.html; name = de; path = de.lproj/teresa.html; sourceTree = "<group>"; };
		3E29E8FB1B9DC3D3008A2113 /* AVFoundation.framework */ = {isa = PBXFileReference; lastKnownFileType = wrapper.framework; name = AVFoundation.framework; path = System/Library/Frameworks/AVFoundation.framework; sourceTree = SDKROOT; };
		3E324F8D1A3FA92500FA1622 /* en */ = {isa = PBXFileReference; lastKnownFileType = text.css; name = en; path = en.lproj/stylepjacques.css; sourceTree = "<group>"; };
		3E324F8E1A3FA92600FA1622 /* de */ = {isa = PBXFileReference; lastKnownFileType = text.css; name = de; path = de.lproj/stylepjacques.css; sourceTree = "<group>"; };
		3E324F8F1A3FA92700FA1622 /* it */ = {isa = PBXFileReference; lastKnownFileType = text.css; name = it; path = it.lproj/stylepjacques.css; sourceTree = "<group>"; };
		3E324F901A3FA92800FA1622 /* hr */ = {isa = PBXFileReference; lastKnownFileType = text.css; name = hr; path = hr.lproj/stylepjacques.css; sourceTree = "<group>"; };
		3E324F911A3FA92900FA1622 /* fr */ = {isa = PBXFileReference; lastKnownFileType = text.css; name = fr; path = fr.lproj/stylepjacques.css; sourceTree = "<group>"; };
		3E324F921A3FA9F500FA1622 /* en */ = {isa = PBXFileReference; lastKnownFileType = text.css; name = en; path = en.lproj/styleteresa.css; sourceTree = "<group>"; };
		3E324F931A3FA9F600FA1622 /* it */ = {isa = PBXFileReference; lastKnownFileType = text.css; name = it; path = it.lproj/styleteresa.css; sourceTree = "<group>"; };
		3E324F941A3FA9F700FA1622 /* hr */ = {isa = PBXFileReference; lastKnownFileType = text.css; name = hr; path = hr.lproj/styleteresa.css; sourceTree = "<group>"; };
		3E324F951A3FA9F700FA1622 /* fr */ = {isa = PBXFileReference; lastKnownFileType = text.css; name = fr; path = fr.lproj/styleteresa.css; sourceTree = "<group>"; };
		3E324F961A3FAC1A00FA1622 /* Teresa_von_Avila.jpg */ = {isa = PBXFileReference; lastKnownFileType = image.jpeg; path = Teresa_von_Avila.jpg; sourceTree = "<group>"; };
		3E9B351B1AA0C644009055A1 /* KAboutViewController.h */ = {isa = PBXFileReference; fileEncoding = 4; lastKnownFileType = sourcecode.c.h; path = KAboutViewController.h; sourceTree = "<group>"; };
		3E9B351C1AA0C644009055A1 /* KAboutViewController.m */ = {isa = PBXFileReference; fileEncoding = 4; lastKnownFileType = sourcecode.c.objc; path = KAboutViewController.m; sourceTree = "<group>"; };
		3EB7D61A1A3F4BCA004927F5 /* hr */ = {isa = PBXFileReference; lastKnownFileType = text.plist.strings; name = hr; path = hr.lproj/iPhone.strings; sourceTree = "<group>"; };
		3EB7D61B1A3F4BCA004927F5 /* hr */ = {isa = PBXFileReference; lastKnownFileType = image.jpeg; name = hr; path = hr.lproj/teresa.jpg; sourceTree = "<group>"; };
		3EB7D61E1A3F4BCA004927F5 /* hr */ = {isa = PBXFileReference; lastKnownFileType = text.html; name = hr; path = hr.lproj/teresa.html; sourceTree = "<group>"; };
		3EB7D61F1A3F4BCA004927F5 /* hr */ = {isa = PBXFileReference; lastKnownFileType = text.plist.strings; name = hr; path = hr.lproj/Localizable.strings; sourceTree = "<group>"; };
		3EB7D6201A3F4BCA004927F5 /* hr */ = {isa = PBXFileReference; lastKnownFileType = text.plist.strings; name = hr; path = hr.lproj/InfoPlist.strings; sourceTree = "<group>"; };
		3EB7D6211A3F4BD7004927F5 /* fr */ = {isa = PBXFileReference; lastKnownFileType = text.plist.strings; name = fr; path = fr.lproj/iPhone.strings; sourceTree = "<group>"; };
		3EB7D6221A3F4BD7004927F5 /* fr */ = {isa = PBXFileReference; lastKnownFileType = image.jpeg; name = fr; path = fr.lproj/teresa.jpg; sourceTree = "<group>"; };
		3EB7D6251A3F4BD8004927F5 /* fr */ = {isa = PBXFileReference; lastKnownFileType = text.html; name = fr; path = fr.lproj/teresa.html; sourceTree = "<group>"; };
		3EB7D6261A3F4BD8004927F5 /* fr */ = {isa = PBXFileReference; lastKnownFileType = text.plist.strings; name = fr; path = fr.lproj/Localizable.strings; sourceTree = "<group>"; };
		3EB7D6271A3F4BD8004927F5 /* fr */ = {isa = PBXFileReference; lastKnownFileType = text.plist.strings; name = fr; path = fr.lproj/InfoPlist.strings; sourceTree = "<group>"; };
		3EB7D6281A3F6111004927F5 /* jdo.jpg */ = {isa = PBXFileReference; lastKnownFileType = image.jpeg; path = jdo.jpg; sourceTree = "<group>"; };
		3EB7D62D1A3F61C3004927F5 /* Base */ = {isa = PBXFileReference; lastKnownFileType = text.css; name = Base; path = Base.lproj/styleteresa.css; sourceTree = "<group>"; };
		3EB7D62F1A3F61C5004927F5 /* de */ = {isa = PBXFileReference; lastKnownFileType = text.css; name = de; path = de.lproj/styleteresa.css; sourceTree = "<group>"; };
		3EC3DF371AA1256300E13960 /* Base */ = {isa = PBXFileReference; lastKnownFileType = text.html; name = Base; path = Base.lproj/about.html; sourceTree = "<group>"; };
		3EC3DF391AA1256500E13960 /* en */ = {isa = PBXFileReference; lastKnownFileType = text.html; name = en; path = en.lproj/about.html; sourceTree = "<group>"; };
		3EC3DF3A1AA1256600E13960 /* de */ = {isa = PBXFileReference; lastKnownFileType = text.html; name = de; path = de.lproj/about.html; sourceTree = "<group>"; };
		3EC3DF3B1AA1256700E13960 /* it */ = {isa = PBXFileReference; lastKnownFileType = text.html; name = it; path = it.lproj/about.html; sourceTree = "<group>"; };
		3EC3DF3C1AA1256800E13960 /* hr */ = {isa = PBXFileReference; lastKnownFileType = text.html; name = hr; path = hr.lproj/about.html; sourceTree = "<group>"; };
		3EC3DF3D1AA1256900E13960 /* fr */ = {isa = PBXFileReference; lastKnownFileType = text.html; name = fr; path = fr.lproj/about.html; sourceTree = "<group>"; };
		3EC3DF3E1AA1256E00E13960 /* es */ = {isa = PBXFileReference; lastKnownFileType = text.html; name = es; path = es.lproj/about.html; sourceTree = "<group>"; };
		3EC3DF3F1AA1446E00E13960 /* teresa.jpg */ = {isa = PBXFileReference; lastKnownFileType = image.jpeg; path = teresa.jpg; sourceTree = "<group>"; };
		8310A05319A48C7F0012ED7B /* SWRevealViewController.h */ = {isa = PBXFileReference; fileEncoding = 4; lastKnownFileType = sourcecode.c.h; path = SWRevealViewController.h; sourceTree = "<group>"; };
		8310A05419A48C7F0012ED7B /* SWRevealViewController.m */ = {isa = PBXFileReference; fileEncoding = 4; lastKnownFileType = sourcecode.c.objc; path = SWRevealViewController.m; sourceTree = "<group>"; };
		8310A05619A48E640012ED7B /* MenuViewController.h */ = {isa = PBXFileReference; fileEncoding = 4; lastKnownFileType = sourcecode.c.h; path = MenuViewController.h; sourceTree = "<group>"; };
		8310A05719A48E640012ED7B /* MenuViewController.m */ = {isa = PBXFileReference; fileEncoding = 4; lastKnownFileType = sourcecode.c.objc; path = MenuViewController.m; sourceTree = "<group>"; };
		8316641918A3AB6500E1A84F /* ESDayViewController.h */ = {isa = PBXFileReference; fileEncoding = 4; lastKnownFileType = sourcecode.c.h; path = ESDayViewController.h; sourceTree = "<group>"; };
		8316641A18A3AB6500E1A84F /* ESDayViewController.m */ = {isa = PBXFileReference; fileEncoding = 4; lastKnownFileType = sourcecode.c.objc; path = ESDayViewController.m; sourceTree = "<group>"; };
		8316642618A5641A00E1A84F /* ESHTMLViewController.h */ = {isa = PBXFileReference; fileEncoding = 4; lastKnownFileType = sourcecode.c.h; path = ESHTMLViewController.h; sourceTree = "<group>"; };
		8316642718A5641A00E1A84F /* ESHTMLViewController.m */ = {isa = PBXFileReference; fileEncoding = 4; lastKnownFileType = sourcecode.c.objc; path = ESHTMLViewController.m; sourceTree = "<group>"; };
		8316642918A56A7400E1A84F /* ESPageViewController.h */ = {isa = PBXFileReference; fileEncoding = 4; lastKnownFileType = sourcecode.c.h; path = ESPageViewController.h; sourceTree = "<group>"; };
		8316642A18A56A7400E1A84F /* ESPageViewController.m */ = {isa = PBXFileReference; fileEncoding = 4; lastKnownFileType = sourcecode.c.objc; path = ESPageViewController.m; sourceTree = "<group>"; };
		8316642C18A56D4000E1A84F /* ESDayContentController.h */ = {isa = PBXFileReference; fileEncoding = 4; lastKnownFileType = sourcecode.c.h; path = ESDayContentController.h; sourceTree = "<group>"; };
		8316642D18A56D4000E1A84F /* ESDayContentController.m */ = {isa = PBXFileReference; fileEncoding = 4; lastKnownFileType = sourcecode.c.objc; path = ESDayContentController.m; sourceTree = "<group>"; };
		8317EB3A1A17803900BDBAE7 /* Base */ = {isa = PBXFileReference; lastKnownFileType = file.storyboard; name = Base; path = Base.lproj/iPhone.storyboard; sourceTree = "<group>"; };
		8317EB3C1A17805A00BDBAE7 /* it */ = {isa = PBXFileReference; lastKnownFileType = text.plist.strings; name = it; path = it.lproj/InfoPlist.strings; sourceTree = "<group>"; };
		8317EB461A17E87B00BDBAE7 /* ESTeresaViewController.h */ = {isa = PBXFileReference; fileEncoding = 4; lastKnownFileType = sourcecode.c.h; path = ESTeresaViewController.h; sourceTree = "<group>"; };
		8317EB471A17E87B00BDBAE7 /* ESTeresaViewController.m */ = {isa = PBXFileReference; fileEncoding = 4; lastKnownFileType = sourcecode.c.objc; path = ESTeresaViewController.m; sourceTree = "<group>"; };
		8317EB4C1A18B16B00BDBAE7 /* Base */ = {isa = PBXFileReference; lastKnownFileType = text.plist.strings; name = Base; path = Base.lproj/Localizable.strings; sourceTree = "<group>"; };
		8317EB4E1A18B17D00BDBAE7 /* it */ = {isa = PBXFileReference; lastKnownFileType = text.plist.strings; name = it; path = it.lproj/Localizable.strings; sourceTree = "<group>"; };
		8321435819AE0EB300E37430 /* Bolts.framework */ = {isa = PBXFileReference; lastKnownFileType = wrapper.framework; path = Bolts.framework; sourceTree = "<group>"; };
		8321435A19AE0EC100E37430 /* Parse.framework */ = {isa = PBXFileReference; lastKnownFileType = wrapper.framework; path = Parse.framework; sourceTree = "<group>"; };
		832A16661A160F96004E0F72 /* day.html */ = {isa = PBXFileReference; fileEncoding = 4; lastKnownFileType = text.html; name = day.html; path = Content/day.html; sourceTree = "<group>"; };
		833B5E721A1BA03600AEC247 /* krippe.jpg */ = {isa = PBXFileReference; lastKnownFileType = image.jpeg; path = krippe.jpg; sourceTree = "<group>"; };
		833B5E741A1BBF9E00AEC247 /* NSDate+Timeconvert.h */ = {isa = PBXFileReference; fileEncoding = 4; lastKnownFileType = sourcecode.c.h; path = "NSDate+Timeconvert.h"; sourceTree = "<group>"; };
		833B5E751A1BBF9E00AEC247 /* NSDate+Timeconvert.m */ = {isa = PBXFileReference; fileEncoding = 4; lastKnownFileType = sourcecode.c.objc; path = "NSDate+Timeconvert.m"; sourceTree = "<group>"; };
		833D56BF1A19755A0040D615 /* ESGÖ.jpg */ = {isa = PBXFileReference; lastKnownFileType = image.jpeg; path = "ESGÖ.jpg"; sourceTree = "<group>"; };
		833D56C11A19781C0040D615 /* ESAboutTableViewController.h */ = {isa = PBXFileReference; fileEncoding = 4; lastKnownFileType = sourcecode.c.h; path = ESAboutTableViewController.h; sourceTree = "<group>"; };
		833D56C21A19781C0040D615 /* ESAboutTableViewController.m */ = {isa = PBXFileReference; fileEncoding = 4; lastKnownFileType = sourcecode.c.objc; path = ESAboutTableViewController.m; sourceTree = "<group>"; };
		833D56C41A1981400040D615 /* ESDonateViewController.h */ = {isa = PBXFileReference; fileEncoding = 4; lastKnownFileType = sourcecode.c.h; path = ESDonateViewController.h; sourceTree = "<group>"; };
		833D56C51A1981400040D615 /* ESDonateViewController.m */ = {isa = PBXFileReference; fileEncoding = 4; lastKnownFileType = sourcecode.c.objc; path = ESDonateViewController.m; sourceTree = "<group>"; };
		835F275B1A22985B00394354 /* en */ = {isa = PBXFileReference; lastKnownFileType = text.plist.strings; name = en; path = en.lproj/iPhone.strings; sourceTree = "<group>"; };
		835F275F1A22986800394354 /* en */ = {isa = PBXFileReference; lastKnownFileType = text.plist.strings; name = en; path = en.lproj/Localizable.strings; sourceTree = "<group>"; };
		83612C381A1CF03000235306 /* style.css */ = {isa = PBXFileReference; fileEncoding = 4; lastKnownFileType = text.css; name = style.css; path = Content/style.css; sourceTree = "<group>"; };
		83612C3D1A1CF35C00235306 /* Base */ = {isa = PBXFileReference; lastKnownFileType = text.css; name = Base; path = Base.lproj/stylepjacques.css; sourceTree = "<group>"; };
		8371861119B604EA00154D0A /* AudioToolbox.framework */ = {isa = PBXFileReference; lastKnownFileType = wrapper.framework; name = AudioToolbox.framework; path = System/Library/Frameworks/AudioToolbox.framework; sourceTree = SDKROOT; };
		8371861319B604F700154D0A /* CFNetwork.framework */ = {isa = PBXFileReference; lastKnownFileType = wrapper.framework; name = CFNetwork.framework; path = System/Library/Frameworks/CFNetwork.framework; sourceTree = SDKROOT; };
		8371861519B6050900154D0A /* CoreLocation.framework */ = {isa = PBXFileReference; lastKnownFileType = wrapper.framework; name = CoreLocation.framework; path = System/Library/Frameworks/CoreLocation.framework; sourceTree = SDKROOT; };
		8371861719B6051B00154D0A /* libz.dylib */ = {isa = PBXFileReference; lastKnownFileType = "compiled.mach-o.dylib"; name = libz.dylib; path = usr/lib/libz.dylib; sourceTree = SDKROOT; };
		8371861919B6052600154D0A /* MobileCoreServices.framework */ = {isa = PBXFileReference; lastKnownFileType = wrapper.framework; name = MobileCoreServices.framework; path = System/Library/Frameworks/MobileCoreServices.framework; sourceTree = SDKROOT; };
		8371861B19B6053400154D0A /* QuartzCore.framework */ = {isa = PBXFileReference; lastKnownFileType = wrapper.framework; name = QuartzCore.framework; path = System/Library/Frameworks/QuartzCore.framework; sourceTree = SDKROOT; };
		8371861D19B6054000154D0A /* Security.framework */ = {isa = PBXFileReference; lastKnownFileType = wrapper.framework; name = Security.framework; path = System/Library/Frameworks/Security.framework; sourceTree = SDKROOT; };
		8371862119B6055900154D0A /* SystemConfiguration.framework */ = {isa = PBXFileReference; lastKnownFileType = wrapper.framework; name = SystemConfiguration.framework; path = System/Library/Frameworks/SystemConfiguration.framework; sourceTree = SDKROOT; };
		8371E40818B78B8900D5DD4B /* AboutView.xib */ = {isa = PBXFileReference; fileEncoding = 4; lastKnownFileType = file.xib; path = AboutView.xib; sourceTree = "<group>"; };
		8371E40A18B78F6E00D5DD4B /* ESAboutView.h */ = {isa = PBXFileReference; fileEncoding = 4; lastKnownFileType = sourcecode.c.h; path = ESAboutView.h; sourceTree = "<group>"; };
		8371E40B18B78F6E00D5DD4B /* ESAboutView.m */ = {isa = PBXFileReference; fileEncoding = 4; lastKnownFileType = sourcecode.c.objc; path = ESAboutView.m; sourceTree = "<group>"; };
		83722CD71A238E410008D9E9 /* en */ = {isa = PBXFileReference; lastKnownFileType = text.plist.strings; name = en; path = en.lproj/InfoPlist.strings; sourceTree = "<group>"; };
		8397C1B218BB682300A45040 /* ESPageContainerViewController.h */ = {isa = PBXFileReference; fileEncoding = 4; lastKnownFileType = sourcecode.c.h; path = ESPageContainerViewController.h; sourceTree = "<group>"; };
		8397C1B318BB682300A45040 /* ESPageContainerViewController.m */ = {isa = PBXFileReference; fileEncoding = 4; lastKnownFileType = sourcecode.c.objc; path = ESPageContainerViewController.m; sourceTree = "<group>"; };
		83A3BE8518B66C8700FAE861 /* Day.h */ = {isa = PBXFileReference; fileEncoding = 4; lastKnownFileType = sourcecode.c.h; path = Day.h; sourceTree = "<group>"; };
		83A3BE8618B66C8700FAE861 /* Day.m */ = {isa = PBXFileReference; fileEncoding = 4; lastKnownFileType = sourcecode.c.objc; path = Day.m; sourceTree = "<group>"; };
		83A830F61A1A1D390071F57F /* it */ = {isa = PBXFileReference; lastKnownFileType = text.plist.strings; name = it; path = it.lproj/iPhone.strings; sourceTree = "<group>"; };
		83BABDA21897AC5C008CDF5B /* STJ500.app */ = {isa = PBXFileReference; explicitFileType = wrapper.application; includeInIndex = 0; path = STJ500.app; sourceTree = BUILT_PRODUCTS_DIR; };
		83BABDA51897AC5C008CDF5B /* Foundation.framework */ = {isa = PBXFileReference; lastKnownFileType = wrapper.framework; name = Foundation.framework; path = System/Library/Frameworks/Foundation.framework; sourceTree = SDKROOT; };
		83BABDA71897AC5C008CDF5B /* CoreGraphics.framework */ = {isa = PBXFileReference; lastKnownFileType = wrapper.framework; name = CoreGraphics.framework; path = System/Library/Frameworks/CoreGraphics.framework; sourceTree = SDKROOT; };
		83BABDA91897AC5C008CDF5B /* UIKit.framework */ = {isa = PBXFileReference; lastKnownFileType = wrapper.framework; name = UIKit.framework; path = System/Library/Frameworks/UIKit.framework; sourceTree = SDKROOT; };
		83BABDAD1897AC5C008CDF5B /* STJ500-Info.plist */ = {isa = PBXFileReference; lastKnownFileType = text.plist.xml; path = "STJ500-Info.plist"; sourceTree = "<group>"; };
		83BABDB11897AC5C008CDF5B /* main.m */ = {isa = PBXFileReference; lastKnownFileType = sourcecode.c.objc; path = main.m; sourceTree = "<group>"; };
		83BABDB31897AC5C008CDF5B /* STJ500-Prefix.pch */ = {isa = PBXFileReference; lastKnownFileType = sourcecode.c.h; path = "STJ500-Prefix.pch"; sourceTree = "<group>"; };
		83BABDB41897AC5C008CDF5B /* ESAppDelegate.h */ = {isa = PBXFileReference; lastKnownFileType = sourcecode.c.h; path = ESAppDelegate.h; sourceTree = "<group>"; };
		83BABDB51897AC5C008CDF5B /* ESAppDelegate.m */ = {isa = PBXFileReference; lastKnownFileType = sourcecode.c.objc; path = ESAppDelegate.m; sourceTree = "<group>"; };
		83BABDC31897AC5C008CDF5B /* Images.xcassets */ = {isa = PBXFileReference; lastKnownFileType = folder.assetcatalog; path = Images.xcassets; sourceTree = "<group>"; };
		83BABDCA1897AC5C008CDF5B /* XCTest.framework */ = {isa = PBXFileReference; lastKnownFileType = wrapper.framework; name = XCTest.framework; path = Library/Frameworks/XCTest.framework; sourceTree = DEVELOPER_DIR; };
		83C0F63F18BD71290004C675 /* ESGÖ Logo.png */ = {isa = PBXFileReference; lastKnownFileType = image.png; name = "ESGÖ Logo.png"; path = "Images/ESGÖ Logo.png"; sourceTree = "<group>"; };
		83C0F64118BD71290004C675 /* Karmel Logo.png */ = {isa = PBXFileReference; lastKnownFileType = image.png; name = "Karmel Logo.png"; path = "Images/Karmel Logo.png"; sourceTree = "<group>"; };
		83C0F64218BD71290004C675 /* Marienschwestern Logo.png */ = {isa = PBXFileReference; lastKnownFileType = image.png; name = "Marienschwestern Logo.png"; path = "Images/Marienschwestern Logo.png"; sourceTree = "<group>"; };
		83C0F64E18BD719A0004C675 /* evang.html */ = {isa = PBXFileReference; fileEncoding = 4; lastKnownFileType = text.html; name = evang.html; path = Content/evang.html; sourceTree = "<group>"; };
		83C0F70E18BD719A0004C675 /* evangelium.jpg */ = {isa = PBXFileReference; lastKnownFileType = image.jpeg; name = evangelium.jpg; path = Content/evangelium.jpg; sourceTree = "<group>"; };
		83D47FF11A1D07E90074ECBF /* minus.png */ = {isa = PBXFileReference; lastKnownFileType = image.png; path = minus.png; sourceTree = "<group>"; };
		83D47FF21A1D07E90074ECBF /* plus.png */ = {isa = PBXFileReference; lastKnownFileType = image.png; path = plus.png; sourceTree = "<group>"; };
		83DE247718B7719400FE7005 /* ESAboutViewController.h */ = {isa = PBXFileReference; fileEncoding = 4; lastKnownFileType = sourcecode.c.h; path = ESAboutViewController.h; sourceTree = "<group>"; };
		83DE247818B7719400FE7005 /* ESAboutViewController.m */ = {isa = PBXFileReference; fileEncoding = 4; lastKnownFileType = sourcecode.c.objc; path = ESAboutViewController.m; sourceTree = "<group>"; };
		83DF701119B9D57F00827D50 /* KEPersistencyManager.h */ = {isa = PBXFileReference; fileEncoding = 4; lastKnownFileType = sourcecode.c.h; path = KEPersistencyManager.h; sourceTree = "<group>"; };
		83DF701219B9D57F00827D50 /* KEPersistencyManager.m */ = {isa = PBXFileReference; fileEncoding = 4; lastKnownFileType = sourcecode.c.objc; path = KEPersistencyManager.m; sourceTree = "<group>"; };
		83DF701419B9D6C900827D50 /* KEContentKit.h */ = {isa = PBXFileReference; fileEncoding = 4; lastKnownFileType = sourcecode.c.h; path = KEContentKit.h; sourceTree = "<group>"; };
		83DF701519B9D6C900827D50 /* KEContentKit.m */ = {isa = PBXFileReference; fileEncoding = 4; lastKnownFileType = sourcecode.c.objc; path = KEContentKit.m; sourceTree = "<group>"; };
		83E1F6491A18CB6A00A13654 /* Base */ = {isa = PBXFileReference; lastKnownFileType = text.html; name = Base; path = Base.lproj/teresa.html; sourceTree = "<group>"; };
		83E6588A18A62DBC004929F4 /* DayCell.h */ = {isa = PBXFileReference; fileEncoding = 4; lastKnownFileType = sourcecode.c.h; path = DayCell.h; sourceTree = "<group>"; };
		83E6588B18A62DBC004929F4 /* DayCell.m */ = {isa = PBXFileReference; fileEncoding = 4; lastKnownFileType = sourcecode.c.objc; path = DayCell.m; sourceTree = "<group>"; };
		83E6588C18A62DBC004929F4 /* CustomCellBackground.h */ = {isa = PBXFileReference; fileEncoding = 4; lastKnownFileType = sourcecode.c.h; path = CustomCellBackground.h; sourceTree = "<group>"; };
		83E6588D18A62DBC004929F4 /* CustomCellBackground.m */ = {isa = PBXFileReference; fileEncoding = 4; lastKnownFileType = sourcecode.c.objc; path = CustomCellBackground.m; sourceTree = "<group>"; };
		83E6589318A62EE3004929F4 /* ESCalenderViewController.h */ = {isa = PBXFileReference; fileEncoding = 4; lastKnownFileType = sourcecode.c.h; path = ESCalenderViewController.h; sourceTree = "<group>"; };
		83E6589418A62EE3004929F4 /* ESCalenderViewController.m */ = {isa = PBXFileReference; fileEncoding = 4; lastKnownFileType = sourcecode.c.objc; path = ESCalenderViewController.m; sourceTree = "<group>"; };
		83E6589618A63BC4004929F4 /* ESMonthHeader.h */ = {isa = PBXFileReference; fileEncoding = 4; lastKnownFileType = sourcecode.c.h; path = ESMonthHeader.h; sourceTree = "<group>"; };
		83E6589718A63BC4004929F4 /* ESMonthHeader.m */ = {isa = PBXFileReference; fileEncoding = 4; lastKnownFileType = sourcecode.c.objc; path = ESMonthHeader.m; sourceTree = "<group>"; };
		83F2C99419B75986009E3672 /* KEFetcher.h */ = {isa = PBXFileReference; fileEncoding = 4; lastKnownFileType = sourcecode.c.h; path = KEFetcher.h; sourceTree = "<group>"; };
		83F2C99519B75986009E3672 /* KEFetcher.m */ = {isa = PBXFileReference; fileEncoding = 4; lastKnownFileType = sourcecode.c.objc; path = KEFetcher.m; sourceTree = "<group>"; };
		9ED6E2541A311D72009AAECF /* STJ500 Tests.xctest */ = {isa = PBXFileReference; explicitFileType = wrapper.cfbundle; includeInIndex = 0; path = "STJ500 Tests.xctest"; sourceTree = BUILT_PRODUCTS_DIR; };
		9ED6E2571A311D72009AAECF /* Info.plist */ = {isa = PBXFileReference; lastKnownFileType = text.plist.xml; path = Info.plist; sourceTree = "<group>"; };
		9ED6E2581A311D72009AAECF /* KarmelExerzitien_Tests.m */ = {isa = PBXFileReference; lastKnownFileType = sourcecode.c.objc; path = KarmelExerzitien_Tests.m; sourceTree = "<group>"; };
/* End PBXFileReference section */

/* Begin PBXFrameworksBuildPhase section */
		83BABD9F1897AC5C008CDF5B /* Frameworks */ = {
			isa = PBXFrameworksBuildPhase;
			buildActionMask = 2147483647;
			files = (
				3E29E8FC1B9DC3D3008A2113 /* AVFoundation.framework in Frameworks */,
				8371862219B6055900154D0A /* SystemConfiguration.framework in Frameworks */,
				8371861E19B6054000154D0A /* Security.framework in Frameworks */,
				8371861C19B6053400154D0A /* QuartzCore.framework in Frameworks */,
				8371861A19B6052600154D0A /* MobileCoreServices.framework in Frameworks */,
				8371861819B6051B00154D0A /* libz.dylib in Frameworks */,
				8371861619B6050900154D0A /* CoreLocation.framework in Frameworks */,
				8371861419B604F700154D0A /* CFNetwork.framework in Frameworks */,
				8371861219B604EA00154D0A /* AudioToolbox.framework in Frameworks */,
				83BABDA81897AC5C008CDF5B /* CoreGraphics.framework in Frameworks */,
				83BABDAA1897AC5C008CDF5B /* UIKit.framework in Frameworks */,
				83BABDA61897AC5C008CDF5B /* Foundation.framework in Frameworks */,
				8321435919AE0EB300E37430 /* Bolts.framework in Frameworks */,
				8321435B19AE0EC100E37430 /* Parse.framework in Frameworks */,
			);
			runOnlyForDeploymentPostprocessing = 0;
		};
		9ED6E2511A311D72009AAECF /* Frameworks */ = {
			isa = PBXFrameworksBuildPhase;
			buildActionMask = 2147483647;
			files = (
			);
			runOnlyForDeploymentPostprocessing = 0;
		};
/* End PBXFrameworksBuildPhase section */

/* Begin PBXGroup section */
		8310A05219A48C7F0012ED7B /* SWRevealViewController */ = {
			isa = PBXGroup;
			children = (
				8310A05319A48C7F0012ED7B /* SWRevealViewController.h */,
				8310A05419A48C7F0012ED7B /* SWRevealViewController.m */,
			);
			path = SWRevealViewController;
			sourceTree = "<group>";
		};
		8376EFA318A251A400674788 /* Content */ = {
			isa = PBXGroup;
			children = (
				83612C381A1CF03000235306 /* style.css */,
				3EB7D62E1A3F61C3004927F5 /* styleteresa.css */,
				832A16661A160F96004E0F72 /* day.html */,
				83C0F64E18BD719A0004C675 /* evang.html */,
				83D47FF11A1D07E90074ECBF /* minus.png */,
				83D47FF21A1D07E90074ECBF /* plus.png */,
				3EC3DF3F1AA1446E00E13960 /* teresa.jpg */,
				83C0F70E18BD719A0004C675 /* evangelium.jpg */,
				83612C3E1A1CF35C00235306 /* stylepjacques.css */,
				83E1F64A1A18CB6A00A13654 /* teresa.html */,
				3EC3DF381AA1256300E13960 /* about.html */,
			);
			name = Content;
			sourceTree = "<group>";
		};
		83A3BE8418B66C6000FAE861 /* Model */ = {
			isa = PBXGroup;
			children = (
				83A3BE8518B66C8700FAE861 /* Day.h */,
				83A3BE8618B66C8700FAE861 /* Day.m */,
				83F2C99419B75986009E3672 /* KEFetcher.h */,
				83F2C99519B75986009E3672 /* KEFetcher.m */,
				83DF701419B9D6C900827D50 /* KEContentKit.h */,
				83DF701519B9D6C900827D50 /* KEContentKit.m */,
				83DF701119B9D57F00827D50 /* KEPersistencyManager.h */,
				83DF701219B9D57F00827D50 /* KEPersistencyManager.m */,
			);
			name = Model;
			sourceTree = "<group>";
		};
		83BABD991897AC5B008CDF5B = {
			isa = PBXGroup;
			children = (
				83BABDAB1897AC5C008CDF5B /* STJ500 */,
				9ED6E2551A311D72009AAECF /* KarmelExerzitien Tests */,
				83BABDA41897AC5C008CDF5B /* Frameworks */,
				83BABDA31897AC5C008CDF5B /* Products */,
			);
			sourceTree = "<group>";
		};
		83BABDA31897AC5C008CDF5B /* Products */ = {
			isa = PBXGroup;
			children = (
				83BABDA21897AC5C008CDF5B /* STJ500.app */,
				9ED6E2541A311D72009AAECF /* STJ500 Tests.xctest */,
			);
			name = Products;
			sourceTree = "<group>";
		};
		83BABDA41897AC5C008CDF5B /* Frameworks */ = {
			isa = PBXGroup;
			children = (
				3E29E8FB1B9DC3D3008A2113 /* AVFoundation.framework */,
				8371862119B6055900154D0A /* SystemConfiguration.framework */,
				8371861D19B6054000154D0A /* Security.framework */,
				8371861B19B6053400154D0A /* QuartzCore.framework */,
				8371861919B6052600154D0A /* MobileCoreServices.framework */,
				8371861719B6051B00154D0A /* libz.dylib */,
				8371861519B6050900154D0A /* CoreLocation.framework */,
				8371861319B604F700154D0A /* CFNetwork.framework */,
				8371861119B604EA00154D0A /* AudioToolbox.framework */,
				8321435A19AE0EC100E37430 /* Parse.framework */,
				8321435819AE0EB300E37430 /* Bolts.framework */,
				83BABDA51897AC5C008CDF5B /* Foundation.framework */,
				83BABDA71897AC5C008CDF5B /* CoreGraphics.framework */,
				83BABDA91897AC5C008CDF5B /* UIKit.framework */,
				83BABDCA1897AC5C008CDF5B /* XCTest.framework */,
			);
			name = Frameworks;
			sourceTree = "<group>";
		};
		83BABDAB1897AC5C008CDF5B /* STJ500 */ = {
			isa = PBXGroup;
			children = (
				83C0F63A18BD711D0004C675 /* Images */,
				83A3BE8418B66C6000FAE861 /* Model */,
				8376EFA318A251A400674788 /* Content */,
				83E6589018A62DC9004929F4 /* Kalender */,
				83E6589118A62DEA004929F4 /* Tagesübersicht */,
				83E6589218A62E2A004929F4 /* Tagesinhalt */,
				83BABDB41897AC5C008CDF5B /* ESAppDelegate.h */,
				83BABDB51897AC5C008CDF5B /* ESAppDelegate.m */,
				8397C1B218BB682300A45040 /* ESPageContainerViewController.h */,
				8397C1B318BB682300A45040 /* ESPageContainerViewController.m */,
				83DE247718B7719400FE7005 /* ESAboutViewController.h */,
				83DE247818B7719400FE7005 /* ESAboutViewController.m */,
				3E9B351B1AA0C644009055A1 /* KAboutViewController.h */,
				3E9B351C1AA0C644009055A1 /* KAboutViewController.m */,
				833D56C11A19781C0040D615 /* ESAboutTableViewController.h */,
				833D56C21A19781C0040D615 /* ESAboutTableViewController.m */,
				8371E40A18B78F6E00D5DD4B /* ESAboutView.h */,
				8371E40B18B78F6E00D5DD4B /* ESAboutView.m */,
				8317EB461A17E87B00BDBAE7 /* ESTeresaViewController.h */,
				8317EB471A17E87B00BDBAE7 /* ESTeresaViewController.m */,
				833D56C41A1981400040D615 /* ESDonateViewController.h */,
				833D56C51A1981400040D615 /* ESDonateViewController.m */,
				8317EB391A177FD400BDBAE7 /* iPhone.storyboard */,
				83BABDC31897AC5C008CDF5B /* Images.xcassets */,
				8310A05619A48E640012ED7B /* MenuViewController.h */,
				8310A05719A48E640012ED7B /* MenuViewController.m */,
				8310A05219A48C7F0012ED7B /* SWRevealViewController */,
				83BABDAC1897AC5C008CDF5B /* Supporting Files */,
				8371E40818B78B8900D5DD4B /* AboutView.xib */,
			);
			name = STJ500;
			path = KarmelExerzitien;
			sourceTree = "<group>";
		};
		83BABDAC1897AC5C008CDF5B /* Supporting Files */ = {
			isa = PBXGroup;
			children = (
				833B5E741A1BBF9E00AEC247 /* NSDate+Timeconvert.h */,
				833B5E751A1BBF9E00AEC247 /* NSDate+Timeconvert.m */,
				8317EB4D1A18B16B00BDBAE7 /* Localizable.strings */,
				83BABDAD1897AC5C008CDF5B /* STJ500-Info.plist */,
				83BABDAE1897AC5C008CDF5B /* InfoPlist.strings */,
				83BABDB11897AC5C008CDF5B /* main.m */,
				83BABDB31897AC5C008CDF5B /* STJ500-Prefix.pch */,
			);
			name = "Supporting Files";
			sourceTree = "<group>";
		};
		83C0F63A18BD711D0004C675 /* Images */ = {
			isa = PBXGroup;
			children = (
				3E21AFE91A3E3150005318D6 /* background.jpg */,
				83C0F63F18BD71290004C675 /* ESGÖ Logo.png */,
				83C0F64118BD71290004C675 /* Karmel Logo.png */,
				83C0F64218BD71290004C675 /* Marienschwestern Logo.png */,
				833D56BF1A19755A0040D615 /* ESGÖ.jpg */,
				833B5E721A1BA03600AEC247 /* krippe.jpg */,
				3EB7D6281A3F6111004927F5 /* jdo.jpg */,
				3E21AFEF1A3EDE77005318D6 /* JahrDerOrden Logo.png */,
				3E324F961A3FAC1A00FA1622 /* Teresa_von_Avila.jpg */,
				3E21AFF91A3F30C4005318D6 /* teresa.jpg */,
				3E21AFF11A3EFA47005318D6 /* teresaofavila.jpg */,
			);
			name = Images;
			sourceTree = "<group>";
		};
		83E6589018A62DC9004929F4 /* Kalender */ = {
			isa = PBXGroup;
			children = (
				83E6588A18A62DBC004929F4 /* DayCell.h */,
				83E6588B18A62DBC004929F4 /* DayCell.m */,
				83E6588C18A62DBC004929F4 /* CustomCellBackground.h */,
				83E6588D18A62DBC004929F4 /* CustomCellBackground.m */,
				83E6589318A62EE3004929F4 /* ESCalenderViewController.h */,
				83E6589418A62EE3004929F4 /* ESCalenderViewController.m */,
				83E6589618A63BC4004929F4 /* ESMonthHeader.h */,
				83E6589718A63BC4004929F4 /* ESMonthHeader.m */,
			);
			name = Kalender;
			sourceTree = "<group>";
		};
		83E6589118A62DEA004929F4 /* Tagesübersicht */ = {
			isa = PBXGroup;
			children = (
				8316642918A56A7400E1A84F /* ESPageViewController.h */,
				8316642A18A56A7400E1A84F /* ESPageViewController.m */,
				8316641918A3AB6500E1A84F /* ESDayViewController.h */,
				8316641A18A3AB6500E1A84F /* ESDayViewController.m */,
			);
			name = "Tagesübersicht";
			sourceTree = "<group>";
		};
		83E6589218A62E2A004929F4 /* Tagesinhalt */ = {
			isa = PBXGroup;
			children = (
				8316642C18A56D4000E1A84F /* ESDayContentController.h */,
				8316642D18A56D4000E1A84F /* ESDayContentController.m */,
				8316642618A5641A00E1A84F /* ESHTMLViewController.h */,
				8316642718A5641A00E1A84F /* ESHTMLViewController.m */,
			);
			name = Tagesinhalt;
			sourceTree = "<group>";
		};
		9ED6E2551A311D72009AAECF /* KarmelExerzitien Tests */ = {
			isa = PBXGroup;
			children = (
				9ED6E2581A311D72009AAECF /* KarmelExerzitien_Tests.m */,
				9ED6E2561A311D72009AAECF /* Supporting Files */,
			);
			path = "KarmelExerzitien Tests";
			sourceTree = "<group>";
		};
		9ED6E2561A311D72009AAECF /* Supporting Files */ = {
			isa = PBXGroup;
			children = (
				9ED6E2571A311D72009AAECF /* Info.plist */,
			);
			name = "Supporting Files";
			sourceTree = "<group>";
		};
/* End PBXGroup section */

/* Begin PBXNativeTarget section */
		83BABDA11897AC5C008CDF5B /* STJ500 */ = {
			isa = PBXNativeTarget;
			buildConfigurationList = 83BABDDA1897AC5C008CDF5B /* Build configuration list for PBXNativeTarget "STJ500" */;
			buildPhases = (
				83BABD9E1897AC5C008CDF5B /* Sources */,
				83BABD9F1897AC5C008CDF5B /* Frameworks */,
				83BABDA01897AC5C008CDF5B /* Resources */,
			);
			buildRules = (
			);
			dependencies = (
			);
			name = STJ500;
			productName = FastenKalender;
			productReference = 83BABDA21897AC5C008CDF5B /* STJ500.app */;
			productType = "com.apple.product-type.application";
		};
		9ED6E2531A311D72009AAECF /* STJ500 Tests */ = {
			isa = PBXNativeTarget;
			buildConfigurationList = 9ED6E25E1A311D72009AAECF /* Build configuration list for PBXNativeTarget "STJ500 Tests" */;
			buildPhases = (
				9ED6E2501A311D72009AAECF /* Sources */,
				9ED6E2511A311D72009AAECF /* Frameworks */,
				9ED6E2521A311D72009AAECF /* Resources */,
			);
			buildRules = (
			);
			dependencies = (
				9ED6E25B1A311D72009AAECF /* PBXTargetDependency */,
			);
			name = "STJ500 Tests";
			productName = "KarmelExerzitien Tests";
			productReference = 9ED6E2541A311D72009AAECF /* STJ500 Tests.xctest */;
			productType = "com.apple.product-type.bundle.unit-test";
		};
/* End PBXNativeTarget section */

/* Begin PBXProject section */
		83BABD9A1897AC5B008CDF5B /* Project object */ = {
			isa = PBXProject;
			attributes = {
				CLASSPREFIX = ES;
				LastUpgradeCheck = 0510;
				ORGANIZATIONNAME = "Christoph Wottawa";
				TargetAttributes = {
					83BABDA11897AC5C008CDF5B = {
						DevelopmentTeam = 273HCU2MFM;
						SystemCapabilities = {
							com.apple.BackgroundModes = {
								enabled = 1;
							};
							com.apple.InAppPurchase = {
								enabled = 0;
							};
						};
					};
					9ED6E2531A311D72009AAECF = {
						CreatedOnToolsVersion = 6.1.1;
						DevelopmentTeam = 273HCU2MFM;
						TestTargetID = 83BABDA11897AC5C008CDF5B;
					};
				};
			};
			buildConfigurationList = 83BABD9D1897AC5B008CDF5B /* Build configuration list for PBXProject "STJ500" */;
			compatibilityVersion = "Xcode 3.2";
			developmentRegion = English;
			hasScannedForEncodings = 0;
			knownRegions = (
				en,
				Base,
				de,
				it,
				hr,
				fr,
				es,
			);
			mainGroup = 83BABD991897AC5B008CDF5B;
			productRefGroup = 83BABDA31897AC5C008CDF5B /* Products */;
			projectDirPath = "";
			projectRoot = "";
			targets = (
				83BABDA11897AC5C008CDF5B /* STJ500 */,
				9ED6E2531A311D72009AAECF /* STJ500 Tests */,
			);
		};
/* End PBXProject section */

/* Begin PBXResourcesBuildPhase section */
		83BABDA01897AC5C008CDF5B /* Resources */ = {
			isa = PBXResourcesBuildPhase;
			buildActionMask = 2147483647;
			files = (
				83C0F71318BD719A0004C675 /* evang.html in Resources */,
				83C0F64A18BD71290004C675 /* Marienschwestern Logo.png in Resources */,
				3EB7D6291A3F6111004927F5 /* jdo.jpg in Resources */,
				3E21AFF71A3F30C4005318D6 /* teresa.jpg in Resources */,
				8371E40918B78B8A00D5DD4B /* AboutView.xib in Resources */,
				833B5E731A1BA03600AEC247 /* krippe.jpg in Resources */,
				3EC3DF361AA1256300E13960 /* about.html in Resources */,
				8317EB4B1A18B16B00BDBAE7 /* Localizable.strings in Resources */,
				3E21AFF21A3EFA47005318D6 /* teresaofavila.jpg in Resources */,
				3E21AFF01A3EDE77005318D6 /* JahrDerOrden Logo.png in Resources */,
				3EC3DF401AA1446E00E13960 /* teresa.jpg in Resources */,
				83BABDC41897AC5C008CDF5B /* Images.xcassets in Resources */,
				833D56C01A19755B0040D615 /* ESGÖ.jpg in Resources */,
				3EB7D62C1A3F61C3004927F5 /* styleteresa.css in Resources */,
				83D47FF31A1D07E90074ECBF /* minus.png in Resources */,
				83C0F64718BD71290004C675 /* ESGÖ Logo.png in Resources */,
				832A16671A160F96004E0F72 /* day.html in Resources */,
				3E21AFEA1A3E3150005318D6 /* background.jpg in Resources */,
				83BABDB01897AC5C008CDF5B /* InfoPlist.strings in Resources */,
				83612C391A1CF03000235306 /* style.css in Resources */,
				83E1F6481A18CB6A00A13654 /* teresa.html in Resources */,
				8317EB371A177FD400BDBAE7 /* iPhone.storyboard in Resources */,
				83C0F7D318BD719B0004C675 /* evangelium.jpg in Resources */,
				83C0F64918BD71290004C675 /* Karmel Logo.png in Resources */,
				3E324F971A3FAC1A00FA1622 /* Teresa_von_Avila.jpg in Resources */,
				83612C3C1A1CF35C00235306 /* stylepjacques.css in Resources */,
				83D47FF41A1D07E90074ECBF /* plus.png in Resources */,
			);
			runOnlyForDeploymentPostprocessing = 0;
		};
		9ED6E2521A311D72009AAECF /* Resources */ = {
			isa = PBXResourcesBuildPhase;
			buildActionMask = 2147483647;
			files = (
			);
			runOnlyForDeploymentPostprocessing = 0;
		};
/* End PBXResourcesBuildPhase section */

/* Begin PBXSourcesBuildPhase section */
		83BABD9E1897AC5C008CDF5B /* Sources */ = {
			isa = PBXSourcesBuildPhase;
			buildActionMask = 2147483647;
			files = (
				83DE247918B7719400FE7005 /* ESAboutViewController.m in Sources */,
				83BABDB61897AC5C008CDF5B /* ESAppDelegate.m in Sources */,
				8310A05519A48C7F0012ED7B /* SWRevealViewController.m in Sources */,
				833D56C61A1981400040D615 /* ESDonateViewController.m in Sources */,
				8310A05819A48E640012ED7B /* MenuViewController.m in Sources */,
				8316642B18A56A7400E1A84F /* ESPageViewController.m in Sources */,
				8316642E18A56D4000E1A84F /* ESDayContentController.m in Sources */,
				8316642818A5641A00E1A84F /* ESHTMLViewController.m in Sources */,
				83DF701619B9D6C900827D50 /* KEContentKit.m in Sources */,
				8317EB481A17E87B00BDBAE7 /* ESTeresaViewController.m in Sources */,
				83E6589518A62EE3004929F4 /* ESCalenderViewController.m in Sources */,
				833D56C31A19781C0040D615 /* ESAboutTableViewController.m in Sources */,
				83F2C99619B75986009E3672 /* KEFetcher.m in Sources */,
				83E6588F18A62DBC004929F4 /* CustomCellBackground.m in Sources */,
				3E9B351D1AA0C644009055A1 /* KAboutViewController.m in Sources */,
				83BABDB21897AC5C008CDF5B /* main.m in Sources */,
				83A3BE8718B66C8700FAE861 /* Day.m in Sources */,
				833B5E761A1BBF9E00AEC247 /* NSDate+Timeconvert.m in Sources */,
				83DF701319B9D57F00827D50 /* KEPersistencyManager.m in Sources */,
				8397C1B418BB682300A45040 /* ESPageContainerViewController.m in Sources */,
				8371E40C18B78F6E00D5DD4B /* ESAboutView.m in Sources */,
				8316641B18A3AB6500E1A84F /* ESDayViewController.m in Sources */,
				83E6588E18A62DBC004929F4 /* DayCell.m in Sources */,
				83E6589818A63BC4004929F4 /* ESMonthHeader.m in Sources */,
			);
			runOnlyForDeploymentPostprocessing = 0;
		};
		9ED6E2501A311D72009AAECF /* Sources */ = {
			isa = PBXSourcesBuildPhase;
			buildActionMask = 2147483647;
			files = (
				9ED6E2591A311D72009AAECF /* KarmelExerzitien_Tests.m in Sources */,
			);
			runOnlyForDeploymentPostprocessing = 0;
		};
/* End PBXSourcesBuildPhase section */

/* Begin PBXTargetDependency section */
		9ED6E25B1A311D72009AAECF /* PBXTargetDependency */ = {
			isa = PBXTargetDependency;
			target = 83BABDA11897AC5C008CDF5B /* STJ500 */;
			targetProxy = 9ED6E25A1A311D72009AAECF /* PBXContainerItemProxy */;
		};
/* End PBXTargetDependency section */

/* Begin PBXVariantGroup section */
		3E21AFF91A3F30C4005318D6 /* teresa.jpg */ = {
			isa = PBXVariantGroup;
			children = (
				3E21AFF81A3F30C4005318D6 /* Base */,
				3E21AFFA1A3F30C6005318D6 /* de */,
				3E21AFFB1A3F30CA005318D6 /* en */,
				3E21AFFC1A3F30CB005318D6 /* it */,
				3EB7D61B1A3F4BCA004927F5 /* hr */,
				3EB7D6221A3F4BD7004927F5 /* fr */,
				3E074F591A41CB4100471C14 /* es */,
			);
			name = teresa.jpg;
			sourceTree = "<group>";
		};
		3EB7D62E1A3F61C3004927F5 /* styleteresa.css */ = {
			isa = PBXVariantGroup;
			children = (
				3EB7D62D1A3F61C3004927F5 /* Base */,
				3EB7D62F1A3F61C5004927F5 /* de */,
				3E324F921A3FA9F500FA1622 /* en */,
				3E324F931A3FA9F600FA1622 /* it */,
				3E324F941A3FA9F700FA1622 /* hr */,
				3E324F951A3FA9F700FA1622 /* fr */,
				3E074F5A1A41CB4100471C14 /* es */,
			);
			name = styleteresa.css;
			path = Content;
			sourceTree = "<group>";
		};
		3EC3DF381AA1256300E13960 /* about.html */ = {
			isa = PBXVariantGroup;
			children = (
				3EC3DF371AA1256300E13960 /* Base */,
				3EC3DF391AA1256500E13960 /* en */,
				3EC3DF3A1AA1256600E13960 /* de */,
				3EC3DF3B1AA1256700E13960 /* it */,
				3EC3DF3C1AA1256800E13960 /* hr */,
				3EC3DF3D1AA1256900E13960 /* fr */,
				3EC3DF3E1AA1256E00E13960 /* es */,
			);
			name = about.html;
			sourceTree = "<group>";
		};
		8317EB391A177FD400BDBAE7 /* iPhone.storyboard */ = {
			isa = PBXVariantGroup;
			children = (
				8317EB3A1A17803900BDBAE7 /* Base */,
				83A830F61A1A1D390071F57F /* it */,
				835F275B1A22985B00394354 /* en */,
				3E21AFEC1A3E31D5005318D6 /* de */,
				3EB7D61A1A3F4BCA004927F5 /* hr */,
				3EB7D6211A3F4BD7004927F5 /* fr */,
				3E074F581A41CB4100471C14 /* es */,
			);
			name = iPhone.storyboard;
			sourceTree = "<group>";
		};
		8317EB4D1A18B16B00BDBAE7 /* Localizable.strings */ = {
			isa = PBXVariantGroup;
			children = (
				8317EB4C1A18B16B00BDBAE7 /* Base */,
				8317EB4E1A18B17D00BDBAE7 /* it */,
				835F275F1A22986800394354 /* en */,
				3E21AFED1A3E31E1005318D6 /* de */,
				3EB7D61F1A3F4BCA004927F5 /* hr */,
				3EB7D6261A3F4BD8004927F5 /* fr */,
				3E074F5D1A41CB4100471C14 /* es */,
			);
			name = Localizable.strings;
			path = ..;
			sourceTree = "<group>";
		};
		83612C3E1A1CF35C00235306 /* stylepjacques.css */ = {
			isa = PBXVariantGroup;
			children = (
				83612C3D1A1CF35C00235306 /* Base */,
				3E324F8D1A3FA92500FA1622 /* en */,
				3E324F8E1A3FA92600FA1622 /* de */,
				3E324F8F1A3FA92700FA1622 /* it */,
				3E324F901A3FA92800FA1622 /* hr */,
				3E324F911A3FA92900FA1622 /* fr */,
				3E074F5B1A41CB4100471C14 /* es */,
			);
			name = stylepjacques.css;
			path = Content;
			sourceTree = "<group>";
		};
		83BABDAE1897AC5C008CDF5B /* InfoPlist.strings */ = {
			isa = PBXVariantGroup;
			children = (
				8317EB3C1A17805A00BDBAE7 /* it */,
				83722CD71A238E410008D9E9 /* en */,
				3E21AFEE1A3E3201005318D6 /* de */,
				3EB7D6201A3F4BCA004927F5 /* hr */,
				3EB7D6271A3F4BD8004927F5 /* fr */,
				3E074F5E1A41CB4100471C14 /* es */,
			);
			name = InfoPlist.strings;
			sourceTree = "<group>";
		};
		83E1F64A1A18CB6A00A13654 /* teresa.html */ = {
			isa = PBXVariantGroup;
			children = (
				83E1F6491A18CB6A00A13654 /* Base */,
				3E21AFFE1A3F31B0005318D6 /* de */,
				3EB7D61E1A3F4BCA004927F5 /* hr */,
				3EB7D6251A3F4BD8004927F5 /* fr */,
				3E1EF1471A3F6BAC007AE4AA /* en */,
				3E1EF1481A3F6BAC007AE4AA /* it */,
				3E074F5C1A41CB4100471C14 /* es */,
			);
			name = teresa.html;
			path = Content;
			sourceTree = "<group>";
		};
/* End PBXVariantGroup section */

/* Begin XCBuildConfiguration section */
		83BABDD81897AC5C008CDF5B /* Debug */ = {
			isa = XCBuildConfiguration;
			buildSettings = {
				ALWAYS_SEARCH_USER_PATHS = NO;
				CLANG_CXX_LANGUAGE_STANDARD = "gnu++0x";
				CLANG_CXX_LIBRARY = "libc++";
				CLANG_ENABLE_MODULES = YES;
				CLANG_ENABLE_OBJC_ARC = YES;
				CLANG_WARN_BOOL_CONVERSION = YES;
				CLANG_WARN_CONSTANT_CONVERSION = YES;
				CLANG_WARN_DIRECT_OBJC_ISA_USAGE = YES_ERROR;
				CLANG_WARN_EMPTY_BODY = YES;
				CLANG_WARN_ENUM_CONVERSION = YES;
				CLANG_WARN_INT_CONVERSION = YES;
				CLANG_WARN_OBJC_ROOT_CLASS = YES_ERROR;
				CLANG_WARN__DUPLICATE_METHOD_MATCH = YES;
				CODE_SIGN_IDENTITY = "iPhone Distribution: Karmel in Oesterreich";
				"CODE_SIGN_IDENTITY[sdk=*]" = "iPhone Distribution: Karmel in Oesterreich";
				COPY_PHASE_STRIP = NO;
				GCC_C_LANGUAGE_STANDARD = gnu99;
				GCC_DYNAMIC_NO_PIC = NO;
				GCC_OPTIMIZATION_LEVEL = 0;
				GCC_PREPROCESSOR_DEFINITIONS = (
					"DEBUG=1",
					"$(inherited)",
				);
				GCC_SYMBOLS_PRIVATE_EXTERN = NO;
				GCC_WARN_64_TO_32_BIT_CONVERSION = YES;
				GCC_WARN_ABOUT_RETURN_TYPE = YES_ERROR;
				GCC_WARN_UNDECLARED_SELECTOR = YES;
				GCC_WARN_UNINITIALIZED_AUTOS = YES;
				GCC_WARN_UNUSED_FUNCTION = YES;
				GCC_WARN_UNUSED_VARIABLE = YES;
				IPHONEOS_DEPLOYMENT_TARGET = 6.1;
				ONLY_ACTIVE_ARCH = YES;
				PROVISIONING_PROFILE = "";
				SDKROOT = iphoneos;
				TARGETED_DEVICE_FAMILY = 1;
			};
			name = Debug;
		};
		83BABDD91897AC5C008CDF5B /* Release */ = {
			isa = XCBuildConfiguration;
			buildSettings = {
				ALWAYS_SEARCH_USER_PATHS = NO;
				CLANG_CXX_LANGUAGE_STANDARD = "gnu++0x";
				CLANG_CXX_LIBRARY = "libc++";
				CLANG_ENABLE_MODULES = YES;
				CLANG_ENABLE_OBJC_ARC = YES;
				CLANG_WARN_BOOL_CONVERSION = YES;
				CLANG_WARN_CONSTANT_CONVERSION = YES;
				CLANG_WARN_DIRECT_OBJC_ISA_USAGE = YES_ERROR;
				CLANG_WARN_EMPTY_BODY = YES;
				CLANG_WARN_ENUM_CONVERSION = YES;
				CLANG_WARN_INT_CONVERSION = YES;
				CLANG_WARN_OBJC_ROOT_CLASS = YES_ERROR;
				CLANG_WARN__DUPLICATE_METHOD_MATCH = YES;
				CODE_SIGN_IDENTITY = "iPhone Distribution: Karmel in Oesterreich";
				"CODE_SIGN_IDENTITY[sdk=iphoneos*]" = "iPhone Distribution: Karmel in Oesterreich";
				COPY_PHASE_STRIP = YES;
				ENABLE_NS_ASSERTIONS = NO;
				GCC_C_LANGUAGE_STANDARD = gnu99;
				GCC_WARN_64_TO_32_BIT_CONVERSION = YES;
				GCC_WARN_ABOUT_RETURN_TYPE = YES_ERROR;
				GCC_WARN_UNDECLARED_SELECTOR = YES;
				GCC_WARN_UNINITIALIZED_AUTOS = YES;
				GCC_WARN_UNUSED_FUNCTION = YES;
				GCC_WARN_UNUSED_VARIABLE = YES;
				IPHONEOS_DEPLOYMENT_TARGET = 6.1;
				PROVISIONING_PROFILE = "";
				SDKROOT = iphoneos;
				TARGETED_DEVICE_FAMILY = 1;
				VALIDATE_PRODUCT = YES;
			};
			name = Release;
		};
		83BABDDB1897AC5C008CDF5B /* Debug */ = {
			isa = XCBuildConfiguration;
			buildSettings = {
				ASSETCATALOG_COMPILER_APPICON_NAME = AppIcon;
				ASSETCATALOG_COMPILER_LAUNCHIMAGE_NAME = LaunchImage;
				CODE_SIGN_IDENTITY = "iPhone Developer";
				"CODE_SIGN_IDENTITY[sdk=iphoneos*]" = "iPhone Developer";
				FRAMEWORK_SEARCH_PATHS = (
					"$(inherited)",
					"$(PROJECT_DIR)",
				);
				GCC_PRECOMPILE_PREFIX_HEADER = YES;
				GCC_PREFIX_HEADER = "KarmelExerzitien/STJ500-Prefix.pch";
				INFOPLIST_FILE = "KarmelExerzitien/STJ500-Info.plist";
				IPHONEOS_DEPLOYMENT_TARGET = 7.0;
				"LIBRARY_SEARCH_PATHS[arch=*]" = Parse;
				PRODUCT_NAME = STJ500;
				PROVISIONING_PROFILE = "3107b965-37f2-45bd-b38b-365d084b7baa";
				WRAPPER_EXTENSION = app;
			};
			name = Debug;
		};
		83BABDDC1897AC5C008CDF5B /* Release */ = {
			isa = XCBuildConfiguration;
			buildSettings = {
				ASSETCATALOG_COMPILER_APPICON_NAME = AppIcon;
				ASSETCATALOG_COMPILER_LAUNCHIMAGE_NAME = LaunchImage;
				CODE_SIGN_IDENTITY = "iPhone Developer";
				"CODE_SIGN_IDENTITY[sdk=iphoneos*]" = "iPhone Distribution";
				FRAMEWORK_SEARCH_PATHS = (
					"$(inherited)",
					"$(PROJECT_DIR)",
				);
				GCC_PRECOMPILE_PREFIX_HEADER = YES;
				GCC_PREFIX_HEADER = "KarmelExerzitien/STJ500-Prefix.pch";
				INFOPLIST_FILE = "KarmelExerzitien/STJ500-Info.plist";
				IPHONEOS_DEPLOYMENT_TARGET = 7.0;
				"LIBRARY_SEARCH_PATHS[arch=*]" = Parse;
				PRODUCT_NAME = STJ500;
				PROVISIONING_PROFILE = "3107b965-37f2-45bd-b38b-365d084b7baa";
				WRAPPER_EXTENSION = app;
			};
			name = Release;
		};
		9ED6E25C1A311D72009AAECF /* Debug */ = {
			isa = XCBuildConfiguration;
			buildSettings = {
				BUNDLE_LOADER = "$(TEST_HOST)";
				CLANG_WARN_UNREACHABLE_CODE = YES;
				CODE_SIGN_IDENTITY = "iPhone Developer";
				"CODE_SIGN_IDENTITY[sdk=iphoneos*]" = "iPhone Developer";
				ENABLE_STRICT_OBJC_MSGSEND = YES;
				FRAMEWORK_SEARCH_PATHS = (
					"$(SDKROOT)/Developer/Library/Frameworks",
					"$(inherited)",
				);
				GCC_PREPROCESSOR_DEFINITIONS = (
					"DEBUG=1",
					"$(inherited)",
				);
				GCC_WARN_UNINITIALIZED_AUTOS = YES_AGGRESSIVE;
				INFOPLIST_FILE = "KarmelExerzitien Tests/Info.plist";
				IPHONEOS_DEPLOYMENT_TARGET = 8.1;
				LD_RUNPATH_SEARCH_PATHS = "$(inherited) @executable_path/Frameworks @loader_path/Frameworks";
				MTL_ENABLE_DEBUG_INFO = YES;
				PRODUCT_NAME = "STJ500 Tests";
				PROVISIONING_PROFILE = "";
				TEST_HOST = "$(BUILT_PRODUCTS_DIR)/STJ500.app/STJ500";
			};
			name = Debug;
		};
		9ED6E25D1A311D72009AAECF /* Release */ = {
			isa = XCBuildConfiguration;
			buildSettings = {
				BUNDLE_LOADER = "$(TEST_HOST)";
				CLANG_WARN_UNREACHABLE_CODE = YES;
				CODE_SIGN_IDENTITY = "iPhone Developer";
				"CODE_SIGN_IDENTITY[sdk=iphoneos*]" = "iPhone Developer";
				ENABLE_STRICT_OBJC_MSGSEND = YES;
				FRAMEWORK_SEARCH_PATHS = (
					"$(SDKROOT)/Developer/Library/Frameworks",
					"$(inherited)",
				);
				GCC_WARN_UNINITIALIZED_AUTOS = YES_AGGRESSIVE;
				INFOPLIST_FILE = "KarmelExerzitien Tests/Info.plist";
				IPHONEOS_DEPLOYMENT_TARGET = 8.1;
				LD_RUNPATH_SEARCH_PATHS = "$(inherited) @executable_path/Frameworks @loader_path/Frameworks";
				MTL_ENABLE_DEBUG_INFO = NO;
				PRODUCT_NAME = "STJ500 Tests";
				PROVISIONING_PROFILE = "";
				TEST_HOST = "$(BUILT_PRODUCTS_DIR)/STJ500.app/STJ500";
			};
			name = Release;
		};
/* End XCBuildConfiguration section */

/* Begin XCConfigurationList section */
		83BABD9D1897AC5B008CDF5B /* Build configuration list for PBXProject "STJ500" */ = {
			isa = XCConfigurationList;
			buildConfigurations = (
				83BABDD81897AC5C008CDF5B /* Debug */,
				83BABDD91897AC5C008CDF5B /* Release */,
			);
			defaultConfigurationIsVisible = 0;
			defaultConfigurationName = Release;
		};
		83BABDDA1897AC5C008CDF5B /* Build configuration list for PBXNativeTarget "STJ500" */ = {
			isa = XCConfigurationList;
			buildConfigurations = (
				83BABDDB1897AC5C008CDF5B /* Debug */,
				83BABDDC1897AC5C008CDF5B /* Release */,
			);
			defaultConfigurationIsVisible = 0;
			defaultConfigurationName = Release;
		};
		9ED6E25E1A311D72009AAECF /* Build configuration list for PBXNativeTarget "STJ500 Tests" */ = {
			isa = XCConfigurationList;
			buildConfigurations = (
				9ED6E25C1A311D72009AAECF /* Debug */,
				9ED6E25D1A311D72009AAECF /* Release */,
			);
			defaultConfigurationIsVisible = 0;
			defaultConfigurationName = Release;
		};
/* End XCConfigurationList section */
	};
	rootObject = 83BABD9A1897AC5B008CDF5B /* Project object */;
}
