// !$*UTF8*$!
{
	archiveVersion = 1;
	classes = {
	};
	objectVersion = 46;
	objects = {

/* Begin PBXBuildFile section */
		8310A05519A48C7F0012ED7B /* SWRevealViewController.m in Sources */ = {isa = PBXBuildFile; fileRef = 8310A05419A48C7F0012ED7B /* SWRevealViewController.m */; };
		8310A05819A48E640012ED7B /* MenuViewController.m in Sources */ = {isa = PBXBuildFile; fileRef = 8310A05719A48E640012ED7B /* MenuViewController.m */; };
		8310A05E19A4A77C0012ED7B /* BackgroundBlur.jpg in Resources */ = {isa = PBXBuildFile; fileRef = 8310A05D19A4A77C0012ED7B /* BackgroundBlur.jpg */; };
		8316641B18A3AB6500E1A84F /* ESDayViewController.m in Sources */ = {isa = PBXBuildFile; fileRef = 8316641A18A3AB6500E1A84F /* ESDayViewController.m */; };
		8316642818A5641A00E1A84F /* ESHTMLViewController.m in Sources */ = {isa = PBXBuildFile; fileRef = 8316642718A5641A00E1A84F /* ESHTMLViewController.m */; };
		8316642B18A56A7400E1A84F /* ESPageViewController.m in Sources */ = {isa = PBXBuildFile; fileRef = 8316642A18A56A7400E1A84F /* ESPageViewController.m */; };
		8316642E18A56D4000E1A84F /* ESDayContentController.m in Sources */ = {isa = PBXBuildFile; fileRef = 8316642D18A56D4000E1A84F /* ESDayContentController.m */; };
		8317EB371A177FD400BDBAE7 /* iPhone.storyboard in Resources */ = {isa = PBXBuildFile; fileRef = 8317EB391A177FD400BDBAE7 /* iPhone.storyboard */; };
		8317EB481A17E87B00BDBAE7 /* ESPJacquesViewController.m in Sources */ = {isa = PBXBuildFile; fileRef = 8317EB471A17E87B00BDBAE7 /* ESPJacquesViewController.m */; };
		8317EB4B1A18B16B00BDBAE7 /* Localizable.strings in Resources */ = {isa = PBXBuildFile; fileRef = 8317EB4D1A18B16B00BDBAE7 /* Localizable.strings */; };
		8321435919AE0EB300E37430 /* Bolts.framework in Frameworks */ = {isa = PBXBuildFile; fileRef = 8321435819AE0EB300E37430 /* Bolts.framework */; };
		8321435B19AE0EC100E37430 /* Parse.framework in Frameworks */ = {isa = PBXBuildFile; fileRef = 8321435A19AE0EC100E37430 /* Parse.framework */; };
		832A16671A160F96004E0F72 /* day.html in Resources */ = {isa = PBXBuildFile; fileRef = 832A16661A160F96004E0F72 /* day.html */; };
		833B5E731A1BA03600AEC247 /* krippe.jpg in Resources */ = {isa = PBXBuildFile; fileRef = 833B5E721A1BA03600AEC247 /* krippe.jpg */; };
		833B5E761A1BBF9E00AEC247 /* NSDate+Timeconvert.m in Sources */ = {isa = PBXBuildFile; fileRef = 833B5E751A1BBF9E00AEC247 /* NSDate+Timeconvert.m */; };
		833D56C01A19755B0040D615 /* ESGÖ.jpg in Resources */ = {isa = PBXBuildFile; fileRef = 833D56BF1A19755A0040D615 /* ESGÖ.jpg */; };
		833D56C31A19781C0040D615 /* ESAboutTableViewController.m in Sources */ = {isa = PBXBuildFile; fileRef = 833D56C21A19781C0040D615 /* ESAboutTableViewController.m */; };
		833D56C61A1981400040D615 /* ESDonateViewController.m in Sources */ = {isa = PBXBuildFile; fileRef = 833D56C51A1981400040D615 /* ESDonateViewController.m */; };
		83612C371A1CEC8400235306 /* thost.jpg in Resources */ = {isa = PBXBuildFile; fileRef = 83612C361A1CEC8300235306 /* thost.jpg */; };
		83612C391A1CF03000235306 /* style.css in Resources */ = {isa = PBXBuildFile; fileRef = 83612C381A1CF03000235306 /* style.css */; };
		83612C3C1A1CF35C00235306 /* stylepjacques.css in Resources */ = {isa = PBXBuildFile; fileRef = 83612C3E1A1CF35C00235306 /* stylepjacques.css */; };
		8371861219B604EA00154D0A /* AudioToolbox.framework in Frameworks */ = {isa = PBXBuildFile; fileRef = 8371861119B604EA00154D0A /* AudioToolbox.framework */; };
		8371861419B604F700154D0A /* CFNetwork.framework in Frameworks */ = {isa = PBXBuildFile; fileRef = 8371861319B604F700154D0A /* CFNetwork.framework */; };
		8371861619B6050900154D0A /* CoreLocation.framework in Frameworks */ = {isa = PBXBuildFile; fileRef = 8371861519B6050900154D0A /* CoreLocation.framework */; };
		8371861819B6051B00154D0A /* libz.dylib in Frameworks */ = {isa = PBXBuildFile; fileRef = 8371861719B6051B00154D0A /* libz.dylib */; };
		8371861A19B6052600154D0A /* MobileCoreServices.framework in Frameworks */ = {isa = PBXBuildFile; fileRef = 8371861919B6052600154D0A /* MobileCoreServices.framework */; };
		8371861C19B6053400154D0A /* QuartzCore.framework in Frameworks */ = {isa = PBXBuildFile; fileRef = 8371861B19B6053400154D0A /* QuartzCore.framework */; };
		8371861E19B6054000154D0A /* Security.framework in Frameworks */ = {isa = PBXBuildFile; fileRef = 8371861D19B6054000154D0A /* Security.framework */; };
		8371862219B6055900154D0A /* SystemConfiguration.framework in Frameworks */ = {isa = PBXBuildFile; fileRef = 8371862119B6055900154D0A /* SystemConfiguration.framework */; };
		8371E40918B78B8A00D5DD4B /* AboutView.xib in Resources */ = {isa = PBXBuildFile; fileRef = 8371E40818B78B8900D5DD4B /* AboutView.xib */; };
		8371E40C18B78F6E00D5DD4B /* ESAboutView.m in Sources */ = {isa = PBXBuildFile; fileRef = 8371E40B18B78F6E00D5DD4B /* ESAboutView.m */; };
		83722CDA1A23A13C0008D9E9 /* p_jacques_cover.jpg in Resources */ = {isa = PBXBuildFile; fileRef = 83722CD81A23A13C0008D9E9 /* p_jacques_cover.jpg */; };
		8397C1B418BB682300A45040 /* ESPageContainerViewController.m in Sources */ = {isa = PBXBuildFile; fileRef = 8397C1B318BB682300A45040 /* ESPageContainerViewController.m */; };
		83A3BE8718B66C8700FAE861 /* Day.m in Sources */ = {isa = PBXBuildFile; fileRef = 83A3BE8618B66C8700FAE861 /* Day.m */; };
		83BABDA61897AC5C008CDF5B /* Foundation.framework in Frameworks */ = {isa = PBXBuildFile; fileRef = 83BABDA51897AC5C008CDF5B /* Foundation.framework */; };
		83BABDA81897AC5C008CDF5B /* CoreGraphics.framework in Frameworks */ = {isa = PBXBuildFile; fileRef = 83BABDA71897AC5C008CDF5B /* CoreGraphics.framework */; };
		83BABDAA1897AC5C008CDF5B /* UIKit.framework in Frameworks */ = {isa = PBXBuildFile; fileRef = 83BABDA91897AC5C008CDF5B /* UIKit.framework */; };
		83BABDB01897AC5C008CDF5B /* InfoPlist.strings in Resources */ = {isa = PBXBuildFile; fileRef = 83BABDAE1897AC5C008CDF5B /* InfoPlist.strings */; };
		83BABDB21897AC5C008CDF5B /* main.m in Sources */ = {isa = PBXBuildFile; fileRef = 83BABDB11897AC5C008CDF5B /* main.m */; };
		83BABDB61897AC5C008CDF5B /* ESAppDelegate.m in Sources */ = {isa = PBXBuildFile; fileRef = 83BABDB51897AC5C008CDF5B /* ESAppDelegate.m */; };
		83BABDC41897AC5C008CDF5B /* Images.xcassets in Resources */ = {isa = PBXBuildFile; fileRef = 83BABDC31897AC5C008CDF5B /* Images.xcassets */; };
		83BABDCB1897AC5C008CDF5B /* XCTest.framework in Frameworks */ = {isa = PBXBuildFile; fileRef = 83BABDCA1897AC5C008CDF5B /* XCTest.framework */; };
		83BABDCC1897AC5C008CDF5B /* Foundation.framework in Frameworks */ = {isa = PBXBuildFile; fileRef = 83BABDA51897AC5C008CDF5B /* Foundation.framework */; };
		83BABDCD1897AC5C008CDF5B /* UIKit.framework in Frameworks */ = {isa = PBXBuildFile; fileRef = 83BABDA91897AC5C008CDF5B /* UIKit.framework */; };
		83BABDD51897AC5C008CDF5B /* InfoPlist.strings in Resources */ = {isa = PBXBuildFile; fileRef = 83BABDD31897AC5C008CDF5B /* InfoPlist.strings */; };
		83BABDD71897AC5C008CDF5B /* KarmelExerzitienTests.m in Sources */ = {isa = PBXBuildFile; fileRef = 83BABDD61897AC5C008CDF5B /* KarmelExerzitienTests.m */; };
		83C0F64718BD71290004C675 /* ESGÖ Logo.png in Resources */ = {isa = PBXBuildFile; fileRef = 83C0F63F18BD71290004C675 /* ESGÖ Logo.png */; };
		83C0F64918BD71290004C675 /* Karmel Logo.png in Resources */ = {isa = PBXBuildFile; fileRef = 83C0F64118BD71290004C675 /* Karmel Logo.png */; };
		83C0F64A18BD71290004C675 /* Marienschwestern Logo.png in Resources */ = {isa = PBXBuildFile; fileRef = 83C0F64218BD71290004C675 /* Marienschwestern Logo.png */; };
		83C0F71118BD719A0004C675 /* week.html in Resources */ = {isa = PBXBuildFile; fileRef = 83C0F64C18BD719A0004C675 /* week.html */; };
		83C0F71318BD719A0004C675 /* evang.html in Resources */ = {isa = PBXBuildFile; fileRef = 83C0F64E18BD719A0004C675 /* evang.html */; };
		83C0F7D318BD719B0004C675 /* evangelium.jpg in Resources */ = {isa = PBXBuildFile; fileRef = 83C0F70E18BD719A0004C675 /* evangelium.jpg */; };
		83D47FF31A1D07E90074ECBF /* minus.png in Resources */ = {isa = PBXBuildFile; fileRef = 83D47FF11A1D07E90074ECBF /* minus.png */; };
		83D47FF41A1D07E90074ECBF /* plus.png in Resources */ = {isa = PBXBuildFile; fileRef = 83D47FF21A1D07E90074ECBF /* plus.png */; };
		83DE247918B7719400FE7005 /* ESAboutViewController.m in Sources */ = {isa = PBXBuildFile; fileRef = 83DE247818B7719400FE7005 /* ESAboutViewController.m */; };
		83DF701019B9C9DE00827D50 /* Week.m in Sources */ = {isa = PBXBuildFile; fileRef = 83DF700F19B9C9DE00827D50 /* Week.m */; };
		83DF701319B9D57F00827D50 /* KEPersistencyManager.m in Sources */ = {isa = PBXBuildFile; fileRef = 83DF701219B9D57F00827D50 /* KEPersistencyManager.m */; };
		83DF701619B9D6C900827D50 /* KEContentKit.m in Sources */ = {isa = PBXBuildFile; fileRef = 83DF701519B9D6C900827D50 /* KEContentKit.m */; };
		83E1F6481A18CB6A00A13654 /* pjacques.html in Resources */ = {isa = PBXBuildFile; fileRef = 83E1F64A1A18CB6A00A13654 /* pjacques.html */; };
		83E1F64C1A18CD9F00A13654 /* pjacques.jpg in Resources */ = {isa = PBXBuildFile; fileRef = 83E1F64E1A18CD9F00A13654 /* pjacques.jpg */; };
		83E6588E18A62DBC004929F4 /* DayCell.m in Sources */ = {isa = PBXBuildFile; fileRef = 83E6588B18A62DBC004929F4 /* DayCell.m */; };
		83E6588F18A62DBC004929F4 /* CustomCellBackground.m in Sources */ = {isa = PBXBuildFile; fileRef = 83E6588D18A62DBC004929F4 /* CustomCellBackground.m */; };
		83E6589518A62EE3004929F4 /* ESCalenderViewController.m in Sources */ = {isa = PBXBuildFile; fileRef = 83E6589418A62EE3004929F4 /* ESCalenderViewController.m */; };
		83E6589818A63BC4004929F4 /* ESMonthHeader.m in Sources */ = {isa = PBXBuildFile; fileRef = 83E6589718A63BC4004929F4 /* ESMonthHeader.m */; };
		83F2C99119B74AA8009E3672 /* jaques640.png in Resources */ = {isa = PBXBuildFile; fileRef = 83F2C99019B74AA8009E3672 /* jaques640.png */; };
		83F2C99319B74B44009E3672 /* jaques640-2.png in Resources */ = {isa = PBXBuildFile; fileRef = 83F2C99219B74B44009E3672 /* jaques640-2.png */; };
		83F2C99619B75986009E3672 /* KEFetcher.m in Sources */ = {isa = PBXBuildFile; fileRef = 83F2C99519B75986009E3672 /* KEFetcher.m */; };
/* End PBXBuildFile section */

/* Begin PBXContainerItemProxy section */
		83BABDCE1897AC5C008CDF5B /* PBXContainerItemProxy */ = {
			isa = PBXContainerItemProxy;
			containerPortal = 83BABD9A1897AC5B008CDF5B /* Project object */;
			proxyType = 1;
			remoteGlobalIDString = 83BABDA11897AC5C008CDF5B;
			remoteInfo = FastenKalender;
		};
/* End PBXContainerItemProxy section */

/* Begin PBXFileReference section */
		8310A05319A48C7F0012ED7B /* SWRevealViewController.h */ = {isa = PBXFileReference; fileEncoding = 4; lastKnownFileType = sourcecode.c.h; path = SWRevealViewController.h; sourceTree = "<group>"; };
		8310A05419A48C7F0012ED7B /* SWRevealViewController.m */ = {isa = PBXFileReference; fileEncoding = 4; lastKnownFileType = sourcecode.c.objc; path = SWRevealViewController.m; sourceTree = "<group>"; };
		8310A05619A48E640012ED7B /* MenuViewController.h */ = {isa = PBXFileReference; fileEncoding = 4; lastKnownFileType = sourcecode.c.h; path = MenuViewController.h; sourceTree = "<group>"; };
		8310A05719A48E640012ED7B /* MenuViewController.m */ = {isa = PBXFileReference; fileEncoding = 4; lastKnownFileType = sourcecode.c.objc; path = MenuViewController.m; sourceTree = "<group>"; };
		8310A05D19A4A77C0012ED7B /* BackgroundBlur.jpg */ = {isa = PBXFileReference; lastKnownFileType = image.jpeg; path = BackgroundBlur.jpg; sourceTree = "<group>"; };
		8316641918A3AB6500E1A84F /* ESDayViewController.h */ = {isa = PBXFileReference; fileEncoding = 4; lastKnownFileType = sourcecode.c.h; path = ESDayViewController.h; sourceTree = "<group>"; };
		8316641A18A3AB6500E1A84F /* ESDayViewController.m */ = {isa = PBXFileReference; fileEncoding = 4; lastKnownFileType = sourcecode.c.objc; path = ESDayViewController.m; sourceTree = "<group>"; };
		8316642618A5641A00E1A84F /* ESHTMLViewController.h */ = {isa = PBXFileReference; fileEncoding = 4; lastKnownFileType = sourcecode.c.h; path = ESHTMLViewController.h; sourceTree = "<group>"; };
		8316642718A5641A00E1A84F /* ESHTMLViewController.m */ = {isa = PBXFileReference; fileEncoding = 4; lastKnownFileType = sourcecode.c.objc; path = ESHTMLViewController.m; sourceTree = "<group>"; };
		8316642918A56A7400E1A84F /* ESPageViewController.h */ = {isa = PBXFileReference; fileEncoding = 4; lastKnownFileType = sourcecode.c.h; path = ESPageViewController.h; sourceTree = "<group>"; };
		8316642A18A56A7400E1A84F /* ESPageViewController.m */ = {isa = PBXFileReference; fileEncoding = 4; lastKnownFileType = sourcecode.c.objc; path = ESPageViewController.m; sourceTree = "<group>"; };
		8316642C18A56D4000E1A84F /* ESDayContentController.h */ = {isa = PBXFileReference; fileEncoding = 4; lastKnownFileType = sourcecode.c.h; path = ESDayContentController.h; sourceTree = "<group>"; };
		8316642D18A56D4000E1A84F /* ESDayContentController.m */ = {isa = PBXFileReference; fileEncoding = 4; lastKnownFileType = sourcecode.c.objc; path = ESDayContentController.m; sourceTree = "<group>"; };
		8317EB3A1A17803900BDBAE7 /* Base */ = {isa = PBXFileReference; lastKnownFileType = file.storyboard; name = Base; path = Base.lproj/iPhone.storyboard; sourceTree = "<group>"; };
		8317EB3C1A17805A00BDBAE7 /* it */ = {isa = PBXFileReference; lastKnownFileType = text.plist.strings; name = it; path = it.lproj/InfoPlist.strings; sourceTree = "<group>"; };
		8317EB3D1A17805A00BDBAE7 /* it */ = {isa = PBXFileReference; lastKnownFileType = text.plist.strings; name = it; path = it.lproj/InfoPlist.strings; sourceTree = "<group>"; };
		8317EB461A17E87B00BDBAE7 /* ESPJacquesViewController.h */ = {isa = PBXFileReference; fileEncoding = 4; lastKnownFileType = sourcecode.c.h; path = ESPJacquesViewController.h; sourceTree = "<group>"; };
		8317EB471A17E87B00BDBAE7 /* ESPJacquesViewController.m */ = {isa = PBXFileReference; fileEncoding = 4; lastKnownFileType = sourcecode.c.objc; path = ESPJacquesViewController.m; sourceTree = "<group>"; };
		8317EB4C1A18B16B00BDBAE7 /* Base */ = {isa = PBXFileReference; lastKnownFileType = text.plist.strings; name = Base; path = Base.lproj/Localizable.strings; sourceTree = "<group>"; };
		8317EB4E1A18B17D00BDBAE7 /* it */ = {isa = PBXFileReference; lastKnownFileType = text.plist.strings; name = it; path = it.lproj/Localizable.strings; sourceTree = "<group>"; };
		8321435819AE0EB300E37430 /* Bolts.framework */ = {isa = PBXFileReference; lastKnownFileType = wrapper.framework; path = Bolts.framework; sourceTree = "<group>"; };
		8321435A19AE0EC100E37430 /* Parse.framework */ = {isa = PBXFileReference; lastKnownFileType = wrapper.framework; path = Parse.framework; sourceTree = "<group>"; };
		832A16661A160F96004E0F72 /* day.html */ = {isa = PBXFileReference; fileEncoding = 4; lastKnownFileType = text.html; name = day.html; path = Content/day.html; sourceTree = "<group>"; };
		833B5E721A1BA03600AEC247 /* krippe.jpg */ = {isa = PBXFileReference; lastKnownFileType = image.jpeg; path = krippe.jpg; sourceTree = "<group>"; };
		833B5E741A1BBF9E00AEC247 /* NSDate+Timeconvert.h */ = {isa = PBXFileReference; fileEncoding = 4; lastKnownFileType = sourcecode.c.h; path = "NSDate+Timeconvert.h"; sourceTree = "<group>"; };
		833B5E751A1BBF9E00AEC247 /* NSDate+Timeconvert.m */ = {isa = PBXFileReference; fileEncoding = 4; lastKnownFileType = sourcecode.c.objc; path = "NSDate+Timeconvert.m"; sourceTree = "<group>"; };
		833D56BF1A19755A0040D615 /* ESGÖ.jpg */ = {isa = PBXFileReference; lastKnownFileType = image.jpeg; path = "ESGÖ.jpg"; sourceTree = "<group>"; };
		833D56C11A19781C0040D615 /* ESAboutTableViewController.h */ = {isa = PBXFileReference; fileEncoding = 4; lastKnownFileType = sourcecode.c.h; path = ESAboutTableViewController.h; sourceTree = "<group>"; };
		833D56C21A19781C0040D615 /* ESAboutTableViewController.m */ = {isa = PBXFileReference; fileEncoding = 4; lastKnownFileType = sourcecode.c.objc; path = ESAboutTableViewController.m; sourceTree = "<group>"; };
		833D56C41A1981400040D615 /* ESDonateViewController.h */ = {isa = PBXFileReference; fileEncoding = 4; lastKnownFileType = sourcecode.c.h; path = ESDonateViewController.h; sourceTree = "<group>"; };
		833D56C51A1981400040D615 /* ESDonateViewController.m */ = {isa = PBXFileReference; fileEncoding = 4; lastKnownFileType = sourcecode.c.objc; path = ESDonateViewController.m; sourceTree = "<group>"; };
		835F275B1A22985B00394354 /* en */ = {isa = PBXFileReference; lastKnownFileType = text.plist.strings; name = en; path = en.lproj/iPhone.strings; sourceTree = "<group>"; };
		835F275C1A22986800394354 /* en */ = {isa = PBXFileReference; lastKnownFileType = text.css; name = en; path = en.lproj/stylepjacques.css; sourceTree = "<group>"; };
		835F275D1A22986800394354 /* en */ = {isa = PBXFileReference; lastKnownFileType = image.jpeg; name = en; path = en.lproj/pjacques.jpg; sourceTree = "<group>"; };
		835F275E1A22986800394354 /* en */ = {isa = PBXFileReference; lastKnownFileType = text.html; name = en; path = en.lproj/pjacques.html; sourceTree = "<group>"; };
		835F275F1A22986800394354 /* en */ = {isa = PBXFileReference; lastKnownFileType = text.plist.strings; name = en; path = en.lproj/Localizable.strings; sourceTree = "<group>"; };
		83612C361A1CEC8300235306 /* thost.jpg */ = {isa = PBXFileReference; lastKnownFileType = image.jpeg; name = thost.jpg; path = Content/thost.jpg; sourceTree = "<group>"; };
		83612C381A1CF03000235306 /* style.css */ = {isa = PBXFileReference; fileEncoding = 4; lastKnownFileType = text.css; name = style.css; path = Content/style.css; sourceTree = "<group>"; };
		83612C3D1A1CF35C00235306 /* Base */ = {isa = PBXFileReference; lastKnownFileType = text.css; name = Base; path = Base.lproj/stylepjacques.css; sourceTree = "<group>"; };
		83612C3F1A1CF36800235306 /* it */ = {isa = PBXFileReference; lastKnownFileType = text.css; name = it; path = it.lproj/stylepjacques.css; sourceTree = "<group>"; };
		8371861119B604EA00154D0A /* AudioToolbox.framework */ = {isa = PBXFileReference; lastKnownFileType = wrapper.framework; name = AudioToolbox.framework; path = System/Library/Frameworks/AudioToolbox.framework; sourceTree = SDKROOT; };
		8371861319B604F700154D0A /* CFNetwork.framework */ = {isa = PBXFileReference; lastKnownFileType = wrapper.framework; name = CFNetwork.framework; path = System/Library/Frameworks/CFNetwork.framework; sourceTree = SDKROOT; };
		8371861519B6050900154D0A /* CoreLocation.framework */ = {isa = PBXFileReference; lastKnownFileType = wrapper.framework; name = CoreLocation.framework; path = System/Library/Frameworks/CoreLocation.framework; sourceTree = SDKROOT; };
		8371861719B6051B00154D0A /* libz.dylib */ = {isa = PBXFileReference; lastKnownFileType = "compiled.mach-o.dylib"; name = libz.dylib; path = usr/lib/libz.dylib; sourceTree = SDKROOT; };
		8371861919B6052600154D0A /* MobileCoreServices.framework */ = {isa = PBXFileReference; lastKnownFileType = wrapper.framework; name = MobileCoreServices.framework; path = System/Library/Frameworks/MobileCoreServices.framework; sourceTree = SDKROOT; };
		8371861B19B6053400154D0A /* QuartzCore.framework */ = {isa = PBXFileReference; lastKnownFileType = wrapper.framework; name = QuartzCore.framework; path = System/Library/Frameworks/QuartzCore.framework; sourceTree = SDKROOT; };
		8371861D19B6054000154D0A /* Security.framework */ = {isa = PBXFileReference; lastKnownFileType = wrapper.framework; name = Security.framework; path = System/Library/Frameworks/Security.framework; sourceTree = SDKROOT; };
		8371862119B6055900154D0A /* SystemConfiguration.framework */ = {isa = PBXFileReference; lastKnownFileType = wrapper.framework; name = SystemConfiguration.framework; path = System/Library/Frameworks/SystemConfiguration.framework; sourceTree = SDKROOT; };
		8371E40818B78B8900D5DD4B /* AboutView.xib */ = {isa = PBXFileReference; fileEncoding = 4; lastKnownFileType = file.xib; path = AboutView.xib; sourceTree = "<group>"; };
		8371E40A18B78F6E00D5DD4B /* ESAboutView.h */ = {isa = PBXFileReference; fileEncoding = 4; lastKnownFileType = sourcecode.c.h; path = ESAboutView.h; sourceTree = "<group>"; };
		8371E40B18B78F6E00D5DD4B /* ESAboutView.m */ = {isa = PBXFileReference; fileEncoding = 4; lastKnownFileType = sourcecode.c.objc; path = ESAboutView.m; sourceTree = "<group>"; };
		83722CD71A238E410008D9E9 /* en */ = {isa = PBXFileReference; lastKnownFileType = text.plist.strings; name = en; path = en.lproj/InfoPlist.strings; sourceTree = "<group>"; };
		83722CD91A23A13C0008D9E9 /* Base */ = {isa = PBXFileReference; lastKnownFileType = image.jpeg; name = Base; path = Content/Base.lproj/p_jacques_cover.jpg; sourceTree = "<group>"; };
		8397C1B218BB682300A45040 /* ESPageContainerViewController.h */ = {isa = PBXFileReference; fileEncoding = 4; lastKnownFileType = sourcecode.c.h; path = ESPageContainerViewController.h; sourceTree = "<group>"; };
		8397C1B318BB682300A45040 /* ESPageContainerViewController.m */ = {isa = PBXFileReference; fileEncoding = 4; lastKnownFileType = sourcecode.c.objc; path = ESPageContainerViewController.m; sourceTree = "<group>"; };
		83A3BE8518B66C8700FAE861 /* Day.h */ = {isa = PBXFileReference; fileEncoding = 4; lastKnownFileType = sourcecode.c.h; path = Day.h; sourceTree = "<group>"; };
		83A3BE8618B66C8700FAE861 /* Day.m */ = {isa = PBXFileReference; fileEncoding = 4; lastKnownFileType = sourcecode.c.objc; path = Day.m; sourceTree = "<group>"; };
		83A830F61A1A1D390071F57F /* it */ = {isa = PBXFileReference; lastKnownFileType = text.plist.strings; name = it; path = it.lproj/iPhone.strings; sourceTree = "<group>"; };
		83BABDA21897AC5C008CDF5B /* KarmelExerzitien.app */ = {isa = PBXFileReference; explicitFileType = wrapper.application; includeInIndex = 0; path = KarmelExerzitien.app; sourceTree = BUILT_PRODUCTS_DIR; };
		83BABDA51897AC5C008CDF5B /* Foundation.framework */ = {isa = PBXFileReference; lastKnownFileType = wrapper.framework; name = Foundation.framework; path = System/Library/Frameworks/Foundation.framework; sourceTree = SDKROOT; };
		83BABDA71897AC5C008CDF5B /* CoreGraphics.framework */ = {isa = PBXFileReference; lastKnownFileType = wrapper.framework; name = CoreGraphics.framework; path = System/Library/Frameworks/CoreGraphics.framework; sourceTree = SDKROOT; };
		83BABDA91897AC5C008CDF5B /* UIKit.framework */ = {isa = PBXFileReference; lastKnownFileType = wrapper.framework; name = UIKit.framework; path = System/Library/Frameworks/UIKit.framework; sourceTree = SDKROOT; };
		83BABDAD1897AC5C008CDF5B /* KarmelExerzitien-Info.plist */ = {isa = PBXFileReference; lastKnownFileType = text.plist.xml; path = "KarmelExerzitien-Info.plist"; sourceTree = "<group>"; };
		83BABDB11897AC5C008CDF5B /* main.m */ = {isa = PBXFileReference; lastKnownFileType = sourcecode.c.objc; path = main.m; sourceTree = "<group>"; };
		83BABDB31897AC5C008CDF5B /* KarmelExerzitien-Prefix.pch */ = {isa = PBXFileReference; lastKnownFileType = sourcecode.c.h; path = "KarmelExerzitien-Prefix.pch"; sourceTree = "<group>"; };
		83BABDB41897AC5C008CDF5B /* ESAppDelegate.h */ = {isa = PBXFileReference; lastKnownFileType = sourcecode.c.h; path = ESAppDelegate.h; sourceTree = "<group>"; };
		83BABDB51897AC5C008CDF5B /* ESAppDelegate.m */ = {isa = PBXFileReference; lastKnownFileType = sourcecode.c.objc; path = ESAppDelegate.m; sourceTree = "<group>"; };
		83BABDC31897AC5C008CDF5B /* Images.xcassets */ = {isa = PBXFileReference; lastKnownFileType = folder.assetcatalog; path = Images.xcassets; sourceTree = "<group>"; };
		83BABDC91897AC5C008CDF5B /* KarmelExerzitienTests.xctest */ = {isa = PBXFileReference; explicitFileType = wrapper.cfbundle; includeInIndex = 0; path = KarmelExerzitienTests.xctest; sourceTree = BUILT_PRODUCTS_DIR; };
		83BABDCA1897AC5C008CDF5B /* XCTest.framework */ = {isa = PBXFileReference; lastKnownFileType = wrapper.framework; name = XCTest.framework; path = Library/Frameworks/XCTest.framework; sourceTree = DEVELOPER_DIR; };
		83BABDD21897AC5C008CDF5B /* KarmelExerzitienTests-Info.plist */ = {isa = PBXFileReference; lastKnownFileType = text.plist.xml; path = "KarmelExerzitienTests-Info.plist"; sourceTree = "<group>"; };
		83BABDD61897AC5C008CDF5B /* KarmelExerzitienTests.m */ = {isa = PBXFileReference; lastKnownFileType = sourcecode.c.objc; path = KarmelExerzitienTests.m; sourceTree = "<group>"; };
		83C0F63F18BD71290004C675 /* ESGÖ Logo.png */ = {isa = PBXFileReference; lastKnownFileType = image.png; name = "ESGÖ Logo.png"; path = "Images/ESGÖ Logo.png"; sourceTree = "<group>"; };
		83C0F64118BD71290004C675 /* Karmel Logo.png */ = {isa = PBXFileReference; lastKnownFileType = image.png; name = "Karmel Logo.png"; path = "Images/Karmel Logo.png"; sourceTree = "<group>"; };
		83C0F64218BD71290004C675 /* Marienschwestern Logo.png */ = {isa = PBXFileReference; lastKnownFileType = image.png; name = "Marienschwestern Logo.png"; path = "Images/Marienschwestern Logo.png"; sourceTree = "<group>"; };
		83C0F64C18BD719A0004C675 /* week.html */ = {isa = PBXFileReference; fileEncoding = 4; lastKnownFileType = text.html; name = week.html; path = Content/week.html; sourceTree = "<group>"; };
		83C0F64E18BD719A0004C675 /* evang.html */ = {isa = PBXFileReference; fileEncoding = 4; lastKnownFileType = text.html; name = evang.html; path = Content/evang.html; sourceTree = "<group>"; };
		83C0F70E18BD719A0004C675 /* evangelium.jpg */ = {isa = PBXFileReference; lastKnownFileType = image.jpeg; name = evangelium.jpg; path = Content/evangelium.jpg; sourceTree = "<group>"; };
		83D47FF11A1D07E90074ECBF /* minus.png */ = {isa = PBXFileReference; lastKnownFileType = image.png; path = minus.png; sourceTree = "<group>"; };
		83D47FF21A1D07E90074ECBF /* plus.png */ = {isa = PBXFileReference; lastKnownFileType = image.png; path = plus.png; sourceTree = "<group>"; };
		83DE247718B7719400FE7005 /* ESAboutViewController.h */ = {isa = PBXFileReference; fileEncoding = 4; lastKnownFileType = sourcecode.c.h; path = ESAboutViewController.h; sourceTree = "<group>"; };
		83DE247818B7719400FE7005 /* ESAboutViewController.m */ = {isa = PBXFileReference; fileEncoding = 4; lastKnownFileType = sourcecode.c.objc; path = ESAboutViewController.m; sourceTree = "<group>"; };
		83DF700E19B9C9DE00827D50 /* Week.h */ = {isa = PBXFileReference; fileEncoding = 4; lastKnownFileType = sourcecode.c.h; path = Week.h; sourceTree = "<group>"; };
		83DF700F19B9C9DE00827D50 /* Week.m */ = {isa = PBXFileReference; fileEncoding = 4; lastKnownFileType = sourcecode.c.objc; path = Week.m; sourceTree = "<group>"; };
		83DF701119B9D57F00827D50 /* KEPersistencyManager.h */ = {isa = PBXFileReference; fileEncoding = 4; lastKnownFileType = sourcecode.c.h; path = KEPersistencyManager.h; sourceTree = "<group>"; };
		83DF701219B9D57F00827D50 /* KEPersistencyManager.m */ = {isa = PBXFileReference; fileEncoding = 4; lastKnownFileType = sourcecode.c.objc; path = KEPersistencyManager.m; sourceTree = "<group>"; };
		83DF701419B9D6C900827D50 /* KEContentKit.h */ = {isa = PBXFileReference; fileEncoding = 4; lastKnownFileType = sourcecode.c.h; path = KEContentKit.h; sourceTree = "<group>"; };
		83DF701519B9D6C900827D50 /* KEContentKit.m */ = {isa = PBXFileReference; fileEncoding = 4; lastKnownFileType = sourcecode.c.objc; path = KEContentKit.m; sourceTree = "<group>"; };
		83E1F6491A18CB6A00A13654 /* Base */ = {isa = PBXFileReference; lastKnownFileType = text.html; name = Base; path = Base.lproj/pjacques.html; sourceTree = "<group>"; };
		83E1F64B1A18CB7800A13654 /* it */ = {isa = PBXFileReference; lastKnownFileType = text.html; name = it; path = it.lproj/pjacques.html; sourceTree = "<group>"; };
		83E1F64D1A18CD9F00A13654 /* Base */ = {isa = PBXFileReference; lastKnownFileType = image.jpeg; name = Base; path = Base.lproj/pjacques.jpg; sourceTree = "<group>"; };
		83E1F64F1A18CDA500A13654 /* it */ = {isa = PBXFileReference; lastKnownFileType = image.jpeg; name = it; path = it.lproj/pjacques.jpg; sourceTree = "<group>"; };
		83E6588A18A62DBC004929F4 /* DayCell.h */ = {isa = PBXFileReference; fileEncoding = 4; lastKnownFileType = sourcecode.c.h; path = DayCell.h; sourceTree = "<group>"; };
		83E6588B18A62DBC004929F4 /* DayCell.m */ = {isa = PBXFileReference; fileEncoding = 4; lastKnownFileType = sourcecode.c.objc; path = DayCell.m; sourceTree = "<group>"; };
		83E6588C18A62DBC004929F4 /* CustomCellBackground.h */ = {isa = PBXFileReference; fileEncoding = 4; lastKnownFileType = sourcecode.c.h; path = CustomCellBackground.h; sourceTree = "<group>"; };
		83E6588D18A62DBC004929F4 /* CustomCellBackground.m */ = {isa = PBXFileReference; fileEncoding = 4; lastKnownFileType = sourcecode.c.objc; path = CustomCellBackground.m; sourceTree = "<group>"; };
		83E6589318A62EE3004929F4 /* ESCalenderViewController.h */ = {isa = PBXFileReference; fileEncoding = 4; lastKnownFileType = sourcecode.c.h; path = ESCalenderViewController.h; sourceTree = "<group>"; };
		83E6589418A62EE3004929F4 /* ESCalenderViewController.m */ = {isa = PBXFileReference; fileEncoding = 4; lastKnownFileType = sourcecode.c.objc; path = ESCalenderViewController.m; sourceTree = "<group>"; };
		83E6589618A63BC4004929F4 /* ESMonthHeader.h */ = {isa = PBXFileReference; fileEncoding = 4; lastKnownFileType = sourcecode.c.h; path = ESMonthHeader.h; sourceTree = "<group>"; };
		83E6589718A63BC4004929F4 /* ESMonthHeader.m */ = {isa = PBXFileReference; fileEncoding = 4; lastKnownFileType = sourcecode.c.objc; path = ESMonthHeader.m; sourceTree = "<group>"; };
		83F2C99019B74AA8009E3672 /* jaques640.png */ = {isa = PBXFileReference; lastKnownFileType = image.png; path = jaques640.png; sourceTree = "<group>"; };
		83F2C99219B74B44009E3672 /* jaques640-2.png */ = {isa = PBXFileReference; lastKnownFileType = image.png; path = "jaques640-2.png"; sourceTree = "<group>"; };
		83F2C99419B75986009E3672 /* KEFetcher.h */ = {isa = PBXFileReference; fileEncoding = 4; lastKnownFileType = sourcecode.c.h; path = KEFetcher.h; sourceTree = "<group>"; };
		83F2C99519B75986009E3672 /* KEFetcher.m */ = {isa = PBXFileReference; fileEncoding = 4; lastKnownFileType = sourcecode.c.objc; path = KEFetcher.m; sourceTree = "<group>"; };
/* End PBXFileReference section */

/* Begin PBXFrameworksBuildPhase section */
		83BABD9F1897AC5C008CDF5B /* Frameworks */ = {
			isa = PBXFrameworksBuildPhase;
			buildActionMask = 2147483647;
			files = (
				8371862219B6055900154D0A /* SystemConfiguration.framework in Frameworks */,
				8371861E19B6054000154D0A /* Security.framework in Frameworks */,
				8371861C19B6053400154D0A /* QuartzCore.framework in Frameworks */,
				8371861A19B6052600154D0A /* MobileCoreServices.framework in Frameworks */,
				8371861819B6051B00154D0A /* libz.dylib in Frameworks */,
				8371861619B6050900154D0A /* CoreLocation.framework in Frameworks */,
				8371861419B604F700154D0A /* CFNetwork.framework in Frameworks */,
				8371861219B604EA00154D0A /* AudioToolbox.framework in Frameworks */,
				83BABDA81897AC5C008CDF5B /* CoreGraphics.framework in Frameworks */,
				83BABDAA1897AC5C008CDF5B /* UIKit.framework in Frameworks */,
				83BABDA61897AC5C008CDF5B /* Foundation.framework in Frameworks */,
				8321435919AE0EB300E37430 /* Bolts.framework in Frameworks */,
				8321435B19AE0EC100E37430 /* Parse.framework in Frameworks */,
			);
			runOnlyForDeploymentPostprocessing = 0;
		};
		83BABDC61897AC5C008CDF5B /* Frameworks */ = {
			isa = PBXFrameworksBuildPhase;
			buildActionMask = 2147483647;
			files = (
				83BABDCB1897AC5C008CDF5B /* XCTest.framework in Frameworks */,
				83BABDCD1897AC5C008CDF5B /* UIKit.framework in Frameworks */,
				83BABDCC1897AC5C008CDF5B /* Foundation.framework in Frameworks */,
			);
			runOnlyForDeploymentPostprocessing = 0;
		};
/* End PBXFrameworksBuildPhase section */

/* Begin PBXGroup section */
		8310A05219A48C7F0012ED7B /* SWRevealViewController */ = {
			isa = PBXGroup;
			children = (
				8310A05319A48C7F0012ED7B /* SWRevealViewController.h */,
				8310A05419A48C7F0012ED7B /* SWRevealViewController.m */,
			);
			path = SWRevealViewController;
			sourceTree = "<group>";
		};
		8376EFA318A251A400674788 /* Content */ = {
			isa = PBXGroup;
			children = (
				83C0F64C18BD719A0004C675 /* week.html */,
				83612C381A1CF03000235306 /* style.css */,
				832A16661A160F96004E0F72 /* day.html */,
				83C0F64E18BD719A0004C675 /* evang.html */,
				83D47FF11A1D07E90074ECBF /* minus.png */,
				83D47FF21A1D07E90074ECBF /* plus.png */,
				83612C361A1CEC8300235306 /* thost.jpg */,
				83722CD81A23A13C0008D9E9 /* p_jacques_cover.jpg */,
				83C0F70E18BD719A0004C675 /* evangelium.jpg */,
				83612C3E1A1CF35C00235306 /* stylepjacques.css */,
				83E1F64E1A18CD9F00A13654 /* pjacques.jpg */,
				83E1F64A1A18CB6A00A13654 /* pjacques.html */,
			);
			name = Content;
			sourceTree = "<group>";
		};
		83A3BE8418B66C6000FAE861 /* Model */ = {
			isa = PBXGroup;
			children = (
				83A3BE8518B66C8700FAE861 /* Day.h */,
				83A3BE8618B66C8700FAE861 /* Day.m */,
				83DF700E19B9C9DE00827D50 /* Week.h */,
				83DF700F19B9C9DE00827D50 /* Week.m */,
				83F2C99419B75986009E3672 /* KEFetcher.h */,
				83F2C99519B75986009E3672 /* KEFetcher.m */,
				83DF701419B9D6C900827D50 /* KEContentKit.h */,
				83DF701519B9D6C900827D50 /* KEContentKit.m */,
				83DF701119B9D57F00827D50 /* KEPersistencyManager.h */,
				83DF701219B9D57F00827D50 /* KEPersistencyManager.m */,
			);
			name = Model;
			sourceTree = "<group>";
		};
		83BABD991897AC5B008CDF5B = {
			isa = PBXGroup;
			children = (
				83BABDAB1897AC5C008CDF5B /* KarmelExerzitien */,
				83BABDD01897AC5C008CDF5B /* KarmelExerzitienTests */,
				83BABDA41897AC5C008CDF5B /* Frameworks */,
				83BABDA31897AC5C008CDF5B /* Products */,
			);
			sourceTree = "<group>";
		};
		83BABDA31897AC5C008CDF5B /* Products */ = {
			isa = PBXGroup;
			children = (
				83BABDA21897AC5C008CDF5B /* KarmelExerzitien.app */,
				83BABDC91897AC5C008CDF5B /* KarmelExerzitienTests.xctest */,
			);
			name = Products;
			sourceTree = "<group>";
		};
		83BABDA41897AC5C008CDF5B /* Frameworks */ = {
			isa = PBXGroup;
			children = (
				8371862119B6055900154D0A /* SystemConfiguration.framework */,
				8371861D19B6054000154D0A /* Security.framework */,
				8371861B19B6053400154D0A /* QuartzCore.framework */,
				8371861919B6052600154D0A /* MobileCoreServices.framework */,
				8371861719B6051B00154D0A /* libz.dylib */,
				8371861519B6050900154D0A /* CoreLocation.framework */,
				8371861319B604F700154D0A /* CFNetwork.framework */,
				8371861119B604EA00154D0A /* AudioToolbox.framework */,
				8321435A19AE0EC100E37430 /* Parse.framework */,
				8321435819AE0EB300E37430 /* Bolts.framework */,
				83BABDA51897AC5C008CDF5B /* Foundation.framework */,
				83BABDA71897AC5C008CDF5B /* CoreGraphics.framework */,
				83BABDA91897AC5C008CDF5B /* UIKit.framework */,
				83BABDCA1897AC5C008CDF5B /* XCTest.framework */,
			);
			name = Frameworks;
			sourceTree = "<group>";
		};
		83BABDAB1897AC5C008CDF5B /* KarmelExerzitien */ = {
			isa = PBXGroup;
			children = (
				83C0F63A18BD711D0004C675 /* Images */,
				83A3BE8418B66C6000FAE861 /* Model */,
				8376EFA318A251A400674788 /* Content */,
				83E6589018A62DC9004929F4 /* Kalender */,
				83E6589118A62DEA004929F4 /* Tagesübersicht */,
				83E6589218A62E2A004929F4 /* Tagesinhalt */,
				83BABDB41897AC5C008CDF5B /* ESAppDelegate.h */,
				83BABDB51897AC5C008CDF5B /* ESAppDelegate.m */,
				8397C1B218BB682300A45040 /* ESPageContainerViewController.h */,
				8397C1B318BB682300A45040 /* ESPageContainerViewController.m */,
				83DE247718B7719400FE7005 /* ESAboutViewController.h */,
				83DE247818B7719400FE7005 /* ESAboutViewController.m */,
				833D56C11A19781C0040D615 /* ESAboutTableViewController.h */,
				833D56C21A19781C0040D615 /* ESAboutTableViewController.m */,
				8371E40A18B78F6E00D5DD4B /* ESAboutView.h */,
				8371E40B18B78F6E00D5DD4B /* ESAboutView.m */,
				8317EB461A17E87B00BDBAE7 /* ESPJacquesViewController.h */,
				8317EB471A17E87B00BDBAE7 /* ESPJacquesViewController.m */,
				833D56C41A1981400040D615 /* ESDonateViewController.h */,
				833D56C51A1981400040D615 /* ESDonateViewController.m */,
				8317EB391A177FD400BDBAE7 /* iPhone.storyboard */,
				83BABDC31897AC5C008CDF5B /* Images.xcassets */,
				8310A05619A48E640012ED7B /* MenuViewController.h */,
				8310A05719A48E640012ED7B /* MenuViewController.m */,
				8310A05219A48C7F0012ED7B /* SWRevealViewController */,
				83BABDAC1897AC5C008CDF5B /* Supporting Files */,
				8371E40818B78B8900D5DD4B /* AboutView.xib */,
			);
			path = KarmelExerzitien;
			sourceTree = "<group>";
		};
		83BABDAC1897AC5C008CDF5B /* Supporting Files */ = {
			isa = PBXGroup;
			children = (
				833B5E741A1BBF9E00AEC247 /* NSDate+Timeconvert.h */,
				833B5E751A1BBF9E00AEC247 /* NSDate+Timeconvert.m */,
				8317EB4D1A18B16B00BDBAE7 /* Localizable.strings */,
				83BABDAD1897AC5C008CDF5B /* KarmelExerzitien-Info.plist */,
				83BABDAE1897AC5C008CDF5B /* InfoPlist.strings */,
				83BABDB11897AC5C008CDF5B /* main.m */,
				83BABDB31897AC5C008CDF5B /* KarmelExerzitien-Prefix.pch */,
			);
			name = "Supporting Files";
			sourceTree = "<group>";
		};
		83BABDD01897AC5C008CDF5B /* KarmelExerzitienTests */ = {
			isa = PBXGroup;
			children = (
				83BABDD61897AC5C008CDF5B /* KarmelExerzitienTests.m */,
				83BABDD11897AC5C008CDF5B /* Supporting Files */,
			);
			path = KarmelExerzitienTests;
			sourceTree = "<group>";
		};
		83BABDD11897AC5C008CDF5B /* Supporting Files */ = {
			isa = PBXGroup;
			children = (
				83BABDD21897AC5C008CDF5B /* KarmelExerzitienTests-Info.plist */,
				83BABDD31897AC5C008CDF5B /* InfoPlist.strings */,
			);
			name = "Supporting Files";
			sourceTree = "<group>";
		};
		83C0F63A18BD711D0004C675 /* Images */ = {
			isa = PBXGroup;
			children = (
				83F2C99019B74AA8009E3672 /* jaques640.png */,
				83F2C99219B74B44009E3672 /* jaques640-2.png */,
				8310A05D19A4A77C0012ED7B /* BackgroundBlur.jpg */,
				83C0F63F18BD71290004C675 /* ESGÖ Logo.png */,
				83C0F64118BD71290004C675 /* Karmel Logo.png */,
				83C0F64218BD71290004C675 /* Marienschwestern Logo.png */,
				833D56BF1A19755A0040D615 /* ESGÖ.jpg */,
				833B5E721A1BA03600AEC247 /* krippe.jpg */,
			);
			name = Images;
			sourceTree = "<group>";
		};
		83E6589018A62DC9004929F4 /* Kalender */ = {
			isa = PBXGroup;
			children = (
				83E6588A18A62DBC004929F4 /* DayCell.h */,
				83E6588B18A62DBC004929F4 /* DayCell.m */,
				83E6588C18A62DBC004929F4 /* CustomCellBackground.h */,
				83E6588D18A62DBC004929F4 /* CustomCellBackground.m */,
				83E6589318A62EE3004929F4 /* ESCalenderViewController.h */,
				83E6589418A62EE3004929F4 /* ESCalenderViewController.m */,
				83E6589618A63BC4004929F4 /* ESMonthHeader.h */,
				83E6589718A63BC4004929F4 /* ESMonthHeader.m */,
			);
			name = Kalender;
			sourceTree = "<group>";
		};
		83E6589118A62DEA004929F4 /* Tagesübersicht */ = {
			isa = PBXGroup;
			children = (
				8316642918A56A7400E1A84F /* ESPageViewController.h */,
				8316642A18A56A7400E1A84F /* ESPageViewController.m */,
				8316641918A3AB6500E1A84F /* ESDayViewController.h */,
				8316641A18A3AB6500E1A84F /* ESDayViewController.m */,
			);
			name = "Tagesübersicht";
			sourceTree = "<group>";
		};
		83E6589218A62E2A004929F4 /* Tagesinhalt */ = {
			isa = PBXGroup;
			children = (
				8316642C18A56D4000E1A84F /* ESDayContentController.h */,
				8316642D18A56D4000E1A84F /* ESDayContentController.m */,
				8316642618A5641A00E1A84F /* ESHTMLViewController.h */,
				8316642718A5641A00E1A84F /* ESHTMLViewController.m */,
			);
			name = Tagesinhalt;
			sourceTree = "<group>";
		};
/* End PBXGroup section */

/* Begin PBXNativeTarget section */
		83BABDA11897AC5C008CDF5B /* KarmelExerzitien */ = {
			isa = PBXNativeTarget;
			buildConfigurationList = 83BABDDA1897AC5C008CDF5B /* Build configuration list for PBXNativeTarget "KarmelExerzitien" */;
			buildPhases = (
				83BABD9E1897AC5C008CDF5B /* Sources */,
				83BABD9F1897AC5C008CDF5B /* Frameworks */,
				83BABDA01897AC5C008CDF5B /* Resources */,
			);
			buildRules = (
			);
			dependencies = (
			);
			name = KarmelExerzitien;
			productName = FastenKalender;
			productReference = 83BABDA21897AC5C008CDF5B /* KarmelExerzitien.app */;
			productType = "com.apple.product-type.application";
		};
		83BABDC81897AC5C008CDF5B /* KarmelExerzitienTests */ = {
			isa = PBXNativeTarget;
			buildConfigurationList = 83BABDDD1897AC5C008CDF5B /* Build configuration list for PBXNativeTarget "KarmelExerzitienTests" */;
			buildPhases = (
				83BABDC51897AC5C008CDF5B /* Sources */,
				83BABDC61897AC5C008CDF5B /* Frameworks */,
				83BABDC71897AC5C008CDF5B /* Resources */,
			);
			buildRules = (
			);
			dependencies = (
				83BABDCF1897AC5C008CDF5B /* PBXTargetDependency */,
			);
			name = KarmelExerzitienTests;
			productName = FastenKalenderTests;
			productReference = 83BABDC91897AC5C008CDF5B /* KarmelExerzitienTests.xctest */;
			productType = "com.apple.product-type.bundle.unit-test";
		};
/* End PBXNativeTarget section */

/* Begin PBXProject section */
		83BABD9A1897AC5B008CDF5B /* Project object */ = {
			isa = PBXProject;
			attributes = {
				CLASSPREFIX = ES;
				LastUpgradeCheck = 0510;
				ORGANIZATIONNAME = "Christoph Wottawa";
				TargetAttributes = {
					83BABDA11897AC5C008CDF5B = {
						DevelopmentTeam = 273HCU2MFM;
						SystemCapabilities = {
							com.apple.InAppPurchase = {
								enabled = 0;
							};
						};
					};
					83BABDC81897AC5C008CDF5B = {
						TestTargetID = 83BABDA11897AC5C008CDF5B;
					};
				};
			};
			buildConfigurationList = 83BABD9D1897AC5B008CDF5B /* Build configuration list for PBXProject "KarmelExerzitien" */;
			compatibilityVersion = "Xcode 3.2";
			developmentRegion = English;
			hasScannedForEncodings = 0;
			knownRegions = (
				en,
				Base,
				de,
				it,
			);
			mainGroup = 83BABD991897AC5B008CDF5B;
			productRefGroup = 83BABDA31897AC5C008CDF5B /* Products */;
			projectDirPath = "";
			projectRoot = "";
			targets = (
				83BABDA11897AC5C008CDF5B /* KarmelExerzitien */,
				83BABDC81897AC5C008CDF5B /* KarmelExerzitienTests */,
			);
		};
/* End PBXProject section */

/* Begin PBXResourcesBuildPhase section */
		83BABDA01897AC5C008CDF5B /* Resources */ = {
			isa = PBXResourcesBuildPhase;
			buildActionMask = 2147483647;
			files = (
				83C0F71318BD719A0004C675 /* evang.html in Resources */,
				83C0F71118BD719A0004C675 /* week.html in Resources */,
				83E1F64C1A18CD9F00A13654 /* pjacques.jpg in Resources */,
				83612C371A1CEC8400235306 /* thost.jpg in Resources */,
				83F2C99119B74AA8009E3672 /* jaques640.png in Resources */,
				83C0F64A18BD71290004C675 /* Marienschwestern Logo.png in Resources */,
				8371E40918B78B8A00D5DD4B /* AboutView.xib in Resources */,
				83F2C99319B74B44009E3672 /* jaques640-2.png in Resources */,
				833B5E731A1BA03600AEC247 /* krippe.jpg in Resources */,
				8317EB4B1A18B16B00BDBAE7 /* Localizable.strings in Resources */,
				83BABDC41897AC5C008CDF5B /* Images.xcassets in Resources */,
				833D56C01A19755B0040D615 /* ESGÖ.jpg in Resources */,
				83D47FF31A1D07E90074ECBF /* minus.png in Resources */,
				8310A05E19A4A77C0012ED7B /* BackgroundBlur.jpg in Resources */,
				83C0F64718BD71290004C675 /* ESGÖ Logo.png in Resources */,
				832A16671A160F96004E0F72 /* day.html in Resources */,
				83BABDB01897AC5C008CDF5B /* InfoPlist.strings in Resources */,
				83612C391A1CF03000235306 /* style.css in Resources */,
				83E1F6481A18CB6A00A13654 /* pjacques.html in Resources */,
				8317EB371A177FD400BDBAE7 /* iPhone.storyboard in Resources */,
				83722CDA1A23A13C0008D9E9 /* p_jacques_cover.jpg in Resources */,
				83C0F7D318BD719B0004C675 /* evangelium.jpg in Resources */,
				83C0F64918BD71290004C675 /* Karmel Logo.png in Resources */,
				83612C3C1A1CF35C00235306 /* stylepjacques.css in Resources */,
				83D47FF41A1D07E90074ECBF /* plus.png in Resources */,
			);
			runOnlyForDeploymentPostprocessing = 0;
		};
		83BABDC71897AC5C008CDF5B /* Resources */ = {
			isa = PBXResourcesBuildPhase;
			buildActionMask = 2147483647;
			files = (
				83BABDD51897AC5C008CDF5B /* InfoPlist.strings in Resources */,
			);
			runOnlyForDeploymentPostprocessing = 0;
		};
/* End PBXResourcesBuildPhase section */

/* Begin PBXSourcesBuildPhase section */
		83BABD9E1897AC5C008CDF5B /* Sources */ = {
			isa = PBXSourcesBuildPhase;
			buildActionMask = 2147483647;
			files = (
				83DE247918B7719400FE7005 /* ESAboutViewController.m in Sources */,
				83BABDB61897AC5C008CDF5B /* ESAppDelegate.m in Sources */,
				8310A05519A48C7F0012ED7B /* SWRevealViewController.m in Sources */,
				833D56C61A1981400040D615 /* ESDonateViewController.m in Sources */,
				8310A05819A48E640012ED7B /* MenuViewController.m in Sources */,
				8316642B18A56A7400E1A84F /* ESPageViewController.m in Sources */,
				8316642E18A56D4000E1A84F /* ESDayContentController.m in Sources */,
				8316642818A5641A00E1A84F /* ESHTMLViewController.m in Sources */,
				83DF701019B9C9DE00827D50 /* Week.m in Sources */,
				83DF701619B9D6C900827D50 /* KEContentKit.m in Sources */,
				8317EB481A17E87B00BDBAE7 /* ESPJacquesViewController.m in Sources */,
				83E6589518A62EE3004929F4 /* ESCalenderViewController.m in Sources */,
				833D56C31A19781C0040D615 /* ESAboutTableViewController.m in Sources */,
				83F2C99619B75986009E3672 /* KEFetcher.m in Sources */,
				83E6588F18A62DBC004929F4 /* CustomCellBackground.m in Sources */,
				83BABDB21897AC5C008CDF5B /* main.m in Sources */,
				83A3BE8718B66C8700FAE861 /* Day.m in Sources */,
				833B5E761A1BBF9E00AEC247 /* NSDate+Timeconvert.m in Sources */,
				83DF701319B9D57F00827D50 /* KEPersistencyManager.m in Sources */,
				8397C1B418BB682300A45040 /* ESPageContainerViewController.m in Sources */,
				8371E40C18B78F6E00D5DD4B /* ESAboutView.m in Sources */,
				8316641B18A3AB6500E1A84F /* ESDayViewController.m in Sources */,
				83E6588E18A62DBC004929F4 /* DayCell.m in Sources */,
				83E6589818A63BC4004929F4 /* ESMonthHeader.m in Sources */,
			);
			runOnlyForDeploymentPostprocessing = 0;
		};
		83BABDC51897AC5C008CDF5B /* Sources */ = {
			isa = PBXSourcesBuildPhase;
			buildActionMask = 2147483647;
			files = (
				83BABDD71897AC5C008CDF5B /* KarmelExerzitienTests.m in Sources */,
			);
			runOnlyForDeploymentPostprocessing = 0;
		};
/* End PBXSourcesBuildPhase section */

/* Begin PBXTargetDependency section */
		83BABDCF1897AC5C008CDF5B /* PBXTargetDependency */ = {
			isa = PBXTargetDependency;
			target = 83BABDA11897AC5C008CDF5B /* KarmelExerzitien */;
			targetProxy = 83BABDCE1897AC5C008CDF5B /* PBXContainerItemProxy */;
		};
/* End PBXTargetDependency section */

/* Begin PBXVariantGroup section */
		8317EB391A177FD400BDBAE7 /* iPhone.storyboard */ = {
			isa = PBXVariantGroup;
			children = (
				8317EB3A1A17803900BDBAE7 /* Base */,
				83A830F61A1A1D390071F57F /* it */,
				835F275B1A22985B00394354 /* en */,
			);
			name = iPhone.storyboard;
			sourceTree = "<group>";
		};
		8317EB4D1A18B16B00BDBAE7 /* Localizable.strings */ = {
			isa = PBXVariantGroup;
			children = (
				8317EB4C1A18B16B00BDBAE7 /* Base */,
				8317EB4E1A18B17D00BDBAE7 /* it */,
				835F275F1A22986800394354 /* en */,
			);
			name = Localizable.strings;
			path = ..;
			sourceTree = "<group>";
		};
		83612C3E1A1CF35C00235306 /* stylepjacques.css */ = {
			isa = PBXVariantGroup;
			children = (
				83612C3D1A1CF35C00235306 /* Base */,
				83612C3F1A1CF36800235306 /* it */,
				835F275C1A22986800394354 /* en */,
			);
			name = stylepjacques.css;
			path = Content;
			sourceTree = "<group>";
		};
		83722CD81A23A13C0008D9E9 /* p_jacques_cover.jpg */ = {
			isa = PBXVariantGroup;
			children = (
				83722CD91A23A13C0008D9E9 /* Base */,
			);
			name = p_jacques_cover.jpg;
			sourceTree = "<group>";
		};
		83BABDAE1897AC5C008CDF5B /* InfoPlist.strings */ = {
			isa = PBXVariantGroup;
			children = (
				8317EB3C1A17805A00BDBAE7 /* it */,
				83722CD71A238E410008D9E9 /* en */,
			);
			name = InfoPlist.strings;
			sourceTree = "<group>";
		};
		83BABDD31897AC5C008CDF5B /* InfoPlist.strings */ = {
			isa = PBXVariantGroup;
			children = (
				8317EB3D1A17805A00BDBAE7 /* it */,
			);
			name = InfoPlist.strings;
			sourceTree = "<group>";
		};
		83E1F64A1A18CB6A00A13654 /* pjacques.html */ = {
			isa = PBXVariantGroup;
			children = (
				83E1F6491A18CB6A00A13654 /* Base */,
				83E1F64B1A18CB7800A13654 /* it */,
				835F275E1A22986800394354 /* en */,
			);
			name = pjacques.html;
			path = Content;
			sourceTree = "<group>";
		};
		83E1F64E1A18CD9F00A13654 /* pjacques.jpg */ = {
			isa = PBXVariantGroup;
			children = (
				83E1F64D1A18CD9F00A13654 /* Base */,
				83E1F64F1A18CDA500A13654 /* it */,
				835F275D1A22986800394354 /* en */,
			);
			name = pjacques.jpg;
			path = Content;
			sourceTree = "<group>";
		};
/* End PBXVariantGroup section */

/* Begin XCBuildConfiguration section */
		83BABDD81897AC5C008CDF5B /* Debug */ = {
			isa = XCBuildConfiguration;
			buildSettings = {
				ALWAYS_SEARCH_USER_PATHS = NO;
				CLANG_CXX_LANGUAGE_STANDARD = "gnu++0x";
				CLANG_CXX_LIBRARY = "libc++";
				CLANG_ENABLE_MODULES = YES;
				CLANG_ENABLE_OBJC_ARC = YES;
				CLANG_WARN_BOOL_CONVERSION = YES;
				CLANG_WARN_CONSTANT_CONVERSION = YES;
				CLANG_WARN_DIRECT_OBJC_ISA_USAGE = YES_ERROR;
				CLANG_WARN_EMPTY_BODY = YES;
				CLANG_WARN_ENUM_CONVERSION = YES;
				CLANG_WARN_INT_CONVERSION = YES;
				CLANG_WARN_OBJC_ROOT_CLASS = YES_ERROR;
				CLANG_WARN__DUPLICATE_METHOD_MATCH = YES;
				CODE_SIGN_IDENTITY = "iPhone Developer: Roberto PIrastu (8Y934D4L7D)";
				"CODE_SIGN_IDENTITY[sdk=*]" = "";
				COPY_PHASE_STRIP = NO;
				GCC_C_LANGUAGE_STANDARD = gnu99;
				GCC_DYNAMIC_NO_PIC = NO;
				GCC_OPTIMIZATION_LEVEL = 0;
				GCC_PREPROCESSOR_DEFINITIONS = (
					"DEBUG=1",
					"$(inherited)",
				);
				GCC_SYMBOLS_PRIVATE_EXTERN = NO;
				GCC_WARN_64_TO_32_BIT_CONVERSION = YES;
				GCC_WARN_ABOUT_RETURN_TYPE = YES_ERROR;
				GCC_WARN_UNDECLARED_SELECTOR = YES;
				GCC_WARN_UNINITIALIZED_AUTOS = YES;
				GCC_WARN_UNUSED_FUNCTION = YES;
				GCC_WARN_UNUSED_VARIABLE = YES;
				IPHONEOS_DEPLOYMENT_TARGET = 6.1;
				ONLY_ACTIVE_ARCH = YES;
				PROVISIONING_PROFILE = "81c1500a-0dbf-43b2-ba1b-c27c690f783e";
				SDKROOT = iphoneos;
				TARGETED_DEVICE_FAMILY = 1;
			};
			name = Debug;
		};
		83BABDD91897AC5C008CDF5B /* Release */ = {
			isa = XCBuildConfiguration;
			buildSettings = {
				ALWAYS_SEARCH_USER_PATHS = NO;
				CLANG_CXX_LANGUAGE_STANDARD = "gnu++0x";
				CLANG_CXX_LIBRARY = "libc++";
				CLANG_ENABLE_MODULES = YES;
				CLANG_ENABLE_OBJC_ARC = YES;
				CLANG_WARN_BOOL_CONVERSION = YES;
				CLANG_WARN_CONSTANT_CONVERSION = YES;
				CLANG_WARN_DIRECT_OBJC_ISA_USAGE = YES_ERROR;
				CLANG_WARN_EMPTY_BODY = YES;
				CLANG_WARN_ENUM_CONVERSION = YES;
				CLANG_WARN_INT_CONVERSION = YES;
				CLANG_WARN_OBJC_ROOT_CLASS = YES_ERROR;
				CLANG_WARN__DUPLICATE_METHOD_MATCH = YES;
				CODE_SIGN_IDENTITY = "";
				"CODE_SIGN_IDENTITY[sdk=iphoneos*]" = "";
				COPY_PHASE_STRIP = YES;
				ENABLE_NS_ASSERTIONS = NO;
				GCC_C_LANGUAGE_STANDARD = gnu99;
				GCC_WARN_64_TO_32_BIT_CONVERSION = YES;
				GCC_WARN_ABOUT_RETURN_TYPE = YES_ERROR;
				GCC_WARN_UNDECLARED_SELECTOR = YES;
				GCC_WARN_UNINITIALIZED_AUTOS = YES;
				GCC_WARN_UNUSED_FUNCTION = YES;
				GCC_WARN_UNUSED_VARIABLE = YES;
				IPHONEOS_DEPLOYMENT_TARGET = 6.1;
				PROVISIONING_PROFILE = "81c1500a-0dbf-43b2-ba1b-c27c690f783e";
				SDKROOT = iphoneos;
				TARGETED_DEVICE_FAMILY = 1;
				VALIDATE_PRODUCT = YES;
			};
			name = Release;
		};
		83BABDDB1897AC5C008CDF5B /* Debug */ = {
			isa = XCBuildConfiguration;
			buildSettings = {
				ASSETCATALOG_COMPILER_APPICON_NAME = AppIcon;
				ASSETCATALOG_COMPILER_LAUNCHIMAGE_NAME = LaunchImage;
				CODE_SIGN_IDENTITY = "iPhone Developer";
				"CODE_SIGN_IDENTITY[sdk=iphoneos*]" = "iPhone Developer";
				FRAMEWORK_SEARCH_PATHS = (
					"$(inherited)",
					"$(PROJECT_DIR)",
				);
				GCC_PRECOMPILE_PREFIX_HEADER = YES;
				GCC_PREFIX_HEADER = "KarmelExerzitien/KarmelExerzitien-Prefix.pch";
				INFOPLIST_FILE = "$(SRCROOT)/KarmelExerzitien/KarmelExerzitien-Info.plist";
				IPHONEOS_DEPLOYMENT_TARGET = 6.1;
				"LIBRARY_SEARCH_PATHS[arch=*]" = Parse;
				PRODUCT_NAME = KarmelExerzitien;
				PROVISIONING_PROFILE = "";
				WRAPPER_EXTENSION = app;
			};
			name = Debug;
		};
		83BABDDC1897AC5C008CDF5B /* Release */ = {
			isa = XCBuildConfiguration;
			buildSettings = {
				ASSETCATALOG_COMPILER_APPICON_NAME = AppIcon;
				ASSETCATALOG_COMPILER_LAUNCHIMAGE_NAME = LaunchImage;
				CODE_SIGN_IDENTITY = "iPhone Developer";
				"CODE_SIGN_IDENTITY[sdk=iphoneos*]" = "iPhone Developer";
				FRAMEWORK_SEARCH_PATHS = (
					"$(inherited)",
					"$(PROJECT_DIR)",
				);
				GCC_PRECOMPILE_PREFIX_HEADER = YES;
				GCC_PREFIX_HEADER = "KarmelExerzitien/KarmelExerzitien-Prefix.pch";
				INFOPLIST_FILE = "$(SRCROOT)/KarmelExerzitien/KarmelExerzitien-Info.plist";
				IPHONEOS_DEPLOYMENT_TARGET = 6.1;
				"LIBRARY_SEARCH_PATHS[arch=*]" = Parse;
				PRODUCT_NAME = KarmelExerzitien;
				PROVISIONING_PROFILE = "";
				WRAPPER_EXTENSION = app;
			};
			name = Release;
		};
		83BABDDE1897AC5C008CDF5B /* Debug */ = {
			isa = XCBuildConfiguration;
			buildSettings = {
				BUNDLE_LOADER = "$(BUILT_PRODUCTS_DIR)/FastenKalender.app/FastenKalender";
				FRAMEWORK_SEARCH_PATHS = (
					"$(SDKROOT)/Developer/Library/Frameworks",
					"$(inherited)",
					"$(DEVELOPER_FRAMEWORKS_DIR)",
				);
				GCC_PRECOMPILE_PREFIX_HEADER = YES;
				GCC_PREFIX_HEADER = "FastenKalender/FastenKalender-Prefix.pch";
				GCC_PREPROCESSOR_DEFINITIONS = (
					"DEBUG=1",
					"$(inherited)",
				);
				INFOPLIST_FILE = "FastenKalenderTests/KarmelExerzitienTests-Info.plist";
				PRODUCT_NAME = KarmelExerzitienTests;
				PROVISIONING_PROFILE = "C69B44F8-6989-4BDC-AF02-BF1A9F12F3F8";
				TEST_HOST = "$(BUNDLE_LOADER)";
				WRAPPER_EXTENSION = xctest;
			};
			name = Debug;
		};
		83BABDDF1897AC5C008CDF5B /* Release */ = {
			isa = XCBuildConfiguration;
			buildSettings = {
				BUNDLE_LOADER = "$(BUILT_PRODUCTS_DIR)/FastenKalender.app/FastenKalender";
				FRAMEWORK_SEARCH_PATHS = (
					"$(SDKROOT)/Developer/Library/Frameworks",
					"$(inherited)",
					"$(DEVELOPER_FRAMEWORKS_DIR)",
				);
				GCC_PRECOMPILE_PREFIX_HEADER = YES;
				GCC_PREFIX_HEADER = "FastenKalender/FastenKalender-Prefix.pch";
				INFOPLIST_FILE = "FastenKalenderTests/KarmelExerzitienTests-Info.plist";
				PRODUCT_NAME = KarmelExerzitienTests;
				PROVISIONING_PROFILE = "C69B44F8-6989-4BDC-AF02-BF1A9F12F3F8";
				TEST_HOST = "$(BUNDLE_LOADER)";
				WRAPPER_EXTENSION = xctest;
			};
			name = Release;
		};
/* End XCBuildConfiguration section */

/* Begin XCConfigurationList section */
		83BABD9D1897AC5B008CDF5B /* Build configuration list for PBXProject "KarmelExerzitien" */ = {
			isa = XCConfigurationList;
			buildConfigurations = (
				83BABDD81897AC5C008CDF5B /* Debug */,
				83BABDD91897AC5C008CDF5B /* Release */,
			);
			defaultConfigurationIsVisible = 0;
			defaultConfigurationName = Release;
		};
		83BABDDA1897AC5C008CDF5B /* Build configuration list for PBXNativeTarget "KarmelExerzitien" */ = {
			isa = XCConfigurationList;
			buildConfigurations = (
				83BABDDB1897AC5C008CDF5B /* Debug */,
				83BABDDC1897AC5C008CDF5B /* Release */,
			);
			defaultConfigurationIsVisible = 0;
			defaultConfigurationName = Release;
		};
		83BABDDD1897AC5C008CDF5B /* Build configuration list for PBXNativeTarget "KarmelExerzitienTests" */ = {
			isa = XCConfigurationList;
			buildConfigurations = (
				83BABDDE1897AC5C008CDF5B /* Debug */,
				83BABDDF1897AC5C008CDF5B /* Release */,
			);
			defaultConfigurationIsVisible = 0;
			defaultConfigurationName = Release;
		};
/* End XCConfigurationList section */
	};
	rootObject = 83BABD9A1897AC5B008CDF5B /* Project object */;
}
